{
  "version": 4,
  "terraform_version": "1.9.7",
  "serial": 3,
  "lineage": "13a7e5b2-9c85-c635-efdc-39adbe4e0823",
  "outputs": {},
  "resources": [
    {
      "mode": "managed",
      "type": "aws_internet_gateway",
      "name": "nsse_production_vpc_internet_gateway",
      "provider": "provider[\"registry.terraform.io/hashicorp/aws\"]",
      "instances": [
        {
          "schema_version": 0,
          "attributes": {
            "arn": "arn:aws:ec2:us-east-1:513794908995:internet-gateway/igw-00aa2c4ab4dd56b4c",
            "id": "igw-00aa2c4ab4dd56b4c",
            "owner_id": "513794908995",
            "tags": {
              "Enviroment": "production",
              "Name": "nsse-production-vpc-internet-gateway",
              "Project": "nsse"
            },
            "tags_all": {
              "Enviroment": "production",
              "Name": "nsse-production-vpc-internet-gateway",
              "Project": "nsse"
            },
            "timeouts": null,
            "vpc_id": "vpc-056cfc5ea4671b516"
          },
          "sensitive_attributes": [],
          "private": "eyJlMmJmYjczMC1lY2FhLTExZTYtOGY4OC0zNDM2M2JjN2M0YzAiOnsiY3JlYXRlIjoxMjAwMDAwMDAwMDAwLCJkZWxldGUiOjEyMDAwMDAwMDAwMDAsInVwZGF0ZSI6MTIwMDAwMDAwMDAwMH19",
          "dependencies": [
            "aws_vpc.nsse_production_vpc"
          ]
        }
      ]
    },
    {
      "mode": "managed",
      "type": "aws_vpc",
      "name": "nsse_production_vpc",
      "provider": "provider[\"registry.terraform.io/hashicorp/aws\"]",
      "instances": [
        {
          "schema_version": 1,
          "attributes": {
            "arn": "arn:aws:ec2:us-east-1:513794908995:vpc/vpc-056cfc5ea4671b516",
            "assign_generated_ipv6_cidr_block": false,
            "cidr_block": "10.0.0.0/24",
            "default_network_acl_id": "acl-09b660a9c64400705",
            "default_route_table_id": "rtb-0c1ac90478be20338",
            "default_security_group_id": "sg-00f8e316f8a9932dd",
            "dhcp_options_id": "dopt-054c504a44f7b048a",
            "enable_dns_hostnames": true,
            "enable_dns_support": true,
            "enable_network_address_usage_metrics": false,
            "id": "vpc-056cfc5ea4671b516",
            "instance_tenancy": "default",
            "ipv4_ipam_pool_id": null,
            "ipv4_netmask_length": null,
            "ipv6_association_id": "",
            "ipv6_cidr_block": "",
            "ipv6_cidr_block_network_border_group": "",
            "ipv6_ipam_pool_id": "",
            "ipv6_netmask_length": 0,
            "main_route_table_id": "rtb-0c1ac90478be20338",
            "owner_id": "513794908995",
            "tags": {
              "Enviroment": "production",
              "Name": "nsse-production-vpc",
              "Project": "nsse"
            },
            "tags_all": {
              "Enviroment": "production",
              "Name": "nsse-production-vpc",
              "Project": "nsse"
            }
          },
          "sensitive_attributes": [],
          "private": "eyJzY2hlbWFfdmVyc2lvbiI6IjEifQ=="
        }
      ]
    }
  ],
  "check_results": null
}
