{
  "version": 4,
  "terraform_version": "1.9.7",
  "serial": 90,
  "lineage": "6ec56607-3a57-b861-5999-8e5765b3536e",
  "outputs": {
    "private_subnets_arn": {
      "value": [
        "arn:aws:ec2:us-east-1:353203138858:subnet/subnet-0ad6e64e4b347f5ba",
        "arn:aws:ec2:us-east-1:353203138858:subnet/subnet-010a8fad58e58e8dd"
      ],
      "type": [
        "tuple",
        [
          "string",
          "string"
        ]
      ]
    },
    "public_subnets_arn": {
      "value": [
        "arn:aws:ec2:us-east-1:353203138858:subnet/subnet-08c14e7dbeaebe3ae",
        "arn:aws:ec2:us-east-1:353203138858:subnet/subnet-0a5354d357893437e"
      ],
      "type": [
        "tuple",
        [
          "string",
          "string"
        ]
      ]
    },
    "vpc_id": {
      "value": "vpc-01d7fd06116c2c481",
      "type": "string"
    }
  },
  "resources": [
    {
      "mode": "data",
      "type": "aws_iam_policy_document",
      "name": "eks_cluster_role",
      "provider": "provider[\"registry.terraform.io/hashicorp/aws\"]",
      "instances": [
        {
          "schema_version": 0,
          "attributes": {
            "id": "3552664922",
            "json": "{\n  \"Version\": \"2012-10-17\",\n  \"Statement\": [\n    {\n      \"Effect\": \"Allow\",\n      \"Action\": \"sts:AssumeRole\",\n      \"Principal\": {\n        \"Service\": \"eks.amazonaws.com\"\n      }\n    }\n  ]\n}",
            "minified_json": "{\"Version\":\"2012-10-17\",\"Statement\":[{\"Effect\":\"Allow\",\"Action\":\"sts:AssumeRole\",\"Principal\":{\"Service\":\"eks.amazonaws.com\"}}]}",
            "override_json": null,
            "override_policy_documents": null,
            "policy_id": null,
            "source_json": null,
            "source_policy_documents": null,
            "statement": [
              {
                "actions": [
                  "sts:AssumeRole"
                ],
                "condition": [],
                "effect": "Allow",
                "not_actions": [],
                "not_principals": [],
                "not_resources": [],
                "principals": [
                  {
                    "identifiers": [
                      "eks.amazonaws.com"
                    ],
                    "type": "Service"
                  }
                ],
                "resources": [],
                "sid": ""
              }
            ],
            "version": "2012-10-17"
          },
          "sensitive_attributes": []
        }
      ]
    },
    {
      "mode": "managed",
      "type": "aws_ecr_repository",
      "name": "this",
      "provider": "provider[\"registry.terraform.io/hashicorp/aws\"]",
      "instances": [
        {
          "index_key": 0,
          "schema_version": 0,
          "attributes": {
            "arn": "arn:aws:ecr:us-east-1:353203138858:repository/devops-na-nuvem-week/production/frontend",
            "encryption_configuration": [
              {
                "encryption_type": "AES256",
                "kms_key": ""
              }
            ],
            "force_delete": true,
            "id": "devops-na-nuvem-week/production/frontend",
            "image_scanning_configuration": [
              {
                "scan_on_push": false
              }
            ],
            "image_tag_mutability": "MUTABLE",
            "name": "devops-na-nuvem-week/production/frontend",
            "registry_id": "353203138858",
            "repository_url": "353203138858.dkr.ecr.us-east-1.amazonaws.com/devops-na-nuvem-week/production/frontend",
            "tags": {
              "Enviroment": "production",
              "Project": "devops-na-nuvem-week"
            },
            "tags_all": {
              "Enviroment": "production",
              "Project": "devops-na-nuvem-week"
            },
            "timeouts": null
          },
          "sensitive_attributes": [],
          "private": "eyJlMmJmYjczMC1lY2FhLTExZTYtOGY4OC0zNDM2M2JjN2M0YzAiOnsiZGVsZXRlIjoxMjAwMDAwMDAwMDAwfX0="
        },
        {
          "index_key": 1,
          "schema_version": 0,
          "attributes": {
            "arn": "arn:aws:ecr:us-east-1:353203138858:repository/devops-na-nuvem-week/production/backend",
            "encryption_configuration": [
              {
                "encryption_type": "AES256",
                "kms_key": ""
              }
            ],
            "force_delete": true,
            "id": "devops-na-nuvem-week/production/backend",
            "image_scanning_configuration": [
              {
                "scan_on_push": false
              }
            ],
            "image_tag_mutability": "MUTABLE",
            "name": "devops-na-nuvem-week/production/backend",
            "registry_id": "353203138858",
            "repository_url": "353203138858.dkr.ecr.us-east-1.amazonaws.com/devops-na-nuvem-week/production/backend",
            "tags": {
              "Enviroment": "production",
              "Project": "devops-na-nuvem-week"
            },
            "tags_all": {
              "Enviroment": "production",
              "Project": "devops-na-nuvem-week"
            },
            "timeouts": null
          },
          "sensitive_attributes": [],
          "private": "eyJlMmJmYjczMC1lY2FhLTExZTYtOGY4OC0zNDM2M2JjN2M0YzAiOnsiZGVsZXRlIjoxMjAwMDAwMDAwMDAwfX0="
        }
      ]
    },
    {
      "mode": "managed",
      "type": "aws_eip",
      "name": "this",
      "provider": "provider[\"registry.terraform.io/hashicorp/aws\"]",
      "instances": [
        {
          "schema_version": 0,
          "attributes": {
            "address": null,
            "allocation_id": "eipalloc-0f518be11a109f187",
            "arn": "arn:aws:ec2:us-east-1:353203138858:elastic-ip/eipalloc-0f518be11a109f187",
            "associate_with_private_ip": null,
            "association_id": "",
            "carrier_ip": "",
            "customer_owned_ip": "",
            "customer_owned_ipv4_pool": "",
            "domain": "vpc",
            "id": "eipalloc-0f518be11a109f187",
            "instance": "",
            "ipam_pool_id": null,
            "network_border_group": "us-east-1",
            "network_interface": "",
            "private_dns": null,
            "private_ip": "",
            "ptr_record": "",
            "public_dns": "ec2-3-209-211-108.compute-1.amazonaws.com",
            "public_ip": "3.209.211.108",
            "public_ipv4_pool": "amazon",
            "tags": {
              "Enviroment": "production",
              "Name": "devops-na-nuvem-week-vpc-eip",
              "Project": "devops-na-nuvem-week"
            },
            "tags_all": {
              "Enviroment": "production",
              "Name": "devops-na-nuvem-week-vpc-eip",
              "Project": "devops-na-nuvem-week"
            },
            "timeouts": null,
            "vpc": true
          },
          "sensitive_attributes": [],
          "private": "eyJlMmJmYjczMC1lY2FhLTExZTYtOGY4OC0zNDM2M2JjN2M0YzAiOnsiZGVsZXRlIjoxODAwMDAwMDAwMDAsInJlYWQiOjkwMDAwMDAwMDAwMCwidXBkYXRlIjozMDAwMDAwMDAwMDB9fQ=="
        }
      ]
    },
    {
      "mode": "managed",
      "type": "aws_eks_access_entry",
      "name": "this",
      "provider": "provider[\"registry.terraform.io/hashicorp/aws\"]",
      "instances": [
        {
          "schema_version": 0,
          "attributes": {
            "access_entry_arn": "arn:aws:eks:us-east-1:353203138858:access-entry/devops-na-nuvem-week-eks-cluster/user/353203138858/terraform-user/bccbbd39-2841-5350-948c-11357e3fe32e",
            "cluster_name": "devops-na-nuvem-week-eks-cluster",
            "created_at": "2025-06-16T20:33:21Z",
            "id": "devops-na-nuvem-week-eks-cluster:arn:aws:iam::353203138858:user/terraform-user",
            "kubernetes_groups": [],
            "modified_at": "2025-06-16T20:33:21Z",
            "principal_arn": "arn:aws:iam::353203138858:user/terraform-user",
            "tags": null,
            "tags_all": {},
            "timeouts": null,
            "type": "STANDARD",
            "user_name": "arn:aws:iam::353203138858:user/terraform-user"
          },
          "sensitive_attributes": [],
          "private": "eyJlMmJmYjczMC1lY2FhLTExZTYtOGY4OC0zNDM2M2JjN2M0YzAiOnsiY3JlYXRlIjo2MDAwMDAwMDAwMDAsImRlbGV0ZSI6NjAwMDAwMDAwMDAwfX0=",
          "dependencies": [
            "aws_eks_cluster.this",
            "aws_iam_role.eks_cluster_role",
            "aws_iam_role_policy_attachment.eks_cluster_role_AmazonEKSClusterPolicy",
            "aws_subnet.privates",
            "aws_vpc.this",
            "data.aws_iam_policy_document.eks_cluster_role"
          ]
        }
      ]
    },
    {
      "mode": "managed",
      "type": "aws_eks_access_policy_association",
      "name": "this",
      "provider": "provider[\"registry.terraform.io/hashicorp/aws\"]",
      "instances": [
        {
          "schema_version": 0,
          "attributes": {
            "access_scope": [
              {
                "namespaces": null,
                "type": "cluster"
              }
            ],
            "associated_at": "2025-06-16 20:33:21.711 +0000 UTC",
            "cluster_name": "devops-na-nuvem-week-eks-cluster",
            "id": "devops-na-nuvem-week-eks-cluster#arn:aws:iam::353203138858:user/terraform-user#arn:aws:eks::aws:cluster-access-policy/AmazonEKSClusterAdminPolicy",
            "modified_at": "2025-06-16 20:33:21.711 +0000 UTC",
            "policy_arn": "arn:aws:eks::aws:cluster-access-policy/AmazonEKSClusterAdminPolicy",
            "principal_arn": "arn:aws:iam::353203138858:user/terraform-user",
            "timeouts": null
          },
          "sensitive_attributes": [],
          "private": "eyJlMmJmYjczMC1lY2FhLTExZTYtOGY4OC0zNDM2M2JjN2M0YzAiOnsiY3JlYXRlIjo2MDAwMDAwMDAwMDAsImRlbGV0ZSI6NjAwMDAwMDAwMDAwfX0=",
          "dependencies": [
            "aws_eks_cluster.this",
            "aws_iam_role.eks_cluster_role",
            "aws_iam_role_policy_attachment.eks_cluster_role_AmazonEKSClusterPolicy",
            "aws_subnet.privates",
            "aws_vpc.this",
            "data.aws_iam_policy_document.eks_cluster_role"
          ]
        }
      ]
    },
    {
      "mode": "managed",
      "type": "aws_eks_cluster",
      "name": "this",
      "provider": "provider[\"registry.terraform.io/hashicorp/aws\"]",
      "instances": [
        {
          "schema_version": 1,
          "attributes": {
            "access_config": [
              {
                "authentication_mode": "API_AND_CONFIG_MAP",
                "bootstrap_cluster_creator_admin_permissions": false
              }
            ],
            "arn": "arn:aws:eks:us-east-1:353203138858:cluster/devops-na-nuvem-week-eks-cluster",
            "bootstrap_self_managed_addons": true,
            "certificate_authority": [
              {
                "data": "LS0tLS1CRUdJTiBDRVJUSUZJQ0FURS0tLS0tCk1JSURCVENDQWUyZ0F3SUJBZ0lJSEMvbzVJaW05dlF3RFFZSktvWklodmNOQVFFTEJRQXdGVEVUTUJFR0ExVUUKQXhNS2EzVmlaWEp1WlhSbGN6QWVGdzB5TlRBMk1UWXlNREkyTVRKYUZ3MHpOVEEyTVRReU1ETXhNVEphTUJVeApFekFSQmdOVkJBTVRDbXQxWW1WeWJtVjBaWE13Z2dFaU1BMEdDU3FHU0liM0RRRUJBUVVBQTRJQkR3QXdnZ0VLCkFvSUJBUUNtOVZqdlpHUzFNRXptdWlqNCttbEp6OTBVZ1dmTlNwa3lidDVxdndWMExYTVMwamJiS0RHcFFVT1EKbmlSQms5UHVkeUJkL2tUOGpFWGdpdGFMQnFqd0tjRW1mV0FQYVVyczQ2S1c1S2NialhndkhsQW9kaUpUeW5ONQpENUtWUmRSZHg2SGFYRHl1YUNOd09Hb3RyR1NOdURBQnhmaWVxdlAvS3ZlRjQyelVERUlDOWVxMzlvdXFzdklyCjFBZndBSmV0dmN0ZkgxR2xmaTkybG9iQ242TkdRb3R5TnpxL1FVdmRIOStybHFZQUJxTGtXd3Q4Y1diTXdaV1EKWkVOQldGdGgwclJOeGlJT0VRbjkvUTFoWXBZTEIwS0FhaytPM1IvVXYxUlR1aWRicHlNdDNORVZvQzVwcEVDNwp2akNwSU1FZHJmM0tTNGdOVFZCU2Nodkw1NmF2QWdNQkFBR2pXVEJYTUE0R0ExVWREd0VCL3dRRUF3SUNwREFQCkJnTlZIUk1CQWY4RUJUQURBUUgvTUIwR0ExVWREZ1FXQkJUS2pYS3k1NUthM1hLSThxWEZCazRtak9FVDl6QVYKQmdOVkhSRUVEakFNZ2dwcmRXSmxjbTVsZEdWek1BMEdDU3FHU0liM0RRRUJDd1VBQTRJQkFRQmRFWU4yUzlqVgpGeSszbnNPME5tTFBOR0FOZENXMUNLc01WTW1TeGk0OEdCeE5Cb1BKL1FSTEtFQTIxWGdXdkpsUkFLMkpySGdjCll0UnJtNjIxM2JadnFoZXFHcVVSLy9mVWV2VWNuZUwyZk9JWXhIOTFTOXpkUXpjS3hVZVhFeTEvMHVOcFB4eGkKRzdFamh5Qmg2aGtjekFnRlltWGRmNHNaZSttc0RUc0hNV2ZsTFBQbGFNSkkwSi9wYWt6a204T1RQOXV4WVI5TAprbG9vQXh2K3V2RDJnMHlVa1UwT2Mvb3JLM3ZxdWdJRkI5SDFXSlZPY2lwcHBla2I4dkNRNGdiVURzUXJGcWl0Cm1zLzRmWGJCMnhTUHZsS1BjMjdGK2dSS25PYjEzdWczeVk0TDlGOFFOQW8xSjY4S1pGd2xUVnliY1lubjNDR1MKbWNYUlhrTENlcDhSCi0tLS0tRU5EIENFUlRJRklDQVRFLS0tLS0K"
              }
            ],
            "cluster_id": null,
            "compute_config": [],
            "created_at": "2025-06-16T20:25:55Z",
            "enabled_cluster_log_types": [
              "api",
              "audit",
              "authenticator",
              "controllerManager",
              "scheduler"
            ],
            "encryption_config": [],
            "endpoint": "https://67A6B1A6D0CAB836365A28826F3ADE58.gr7.us-east-1.eks.amazonaws.com",
            "force_update_version": null,
            "id": "devops-na-nuvem-week-eks-cluster",
            "identity": [
              {
                "oidc": [
                  {
                    "issuer": "https://oidc.eks.us-east-1.amazonaws.com/id/67A6B1A6D0CAB836365A28826F3ADE58"
                  }
                ]
              }
            ],
            "kubernetes_network_config": [
              {
                "elastic_load_balancing": [
                  {
                    "enabled": false
                  }
                ],
                "ip_family": "ipv4",
                "service_ipv4_cidr": "172.20.0.0/16",
                "service_ipv6_cidr": ""
              }
            ],
            "name": "devops-na-nuvem-week-eks-cluster",
            "outpost_config": [],
            "platform_version": "eks.28",
            "remote_network_config": [],
            "role_arn": "arn:aws:iam::353203138858:role/DevOpsNaNuvemWeekEKSClusterRole",
            "status": "ACTIVE",
            "storage_config": [],
            "tags": {
              "Enviroment": "production",
              "Project": "devops-na-nuvem-week"
            },
            "tags_all": {
              "Enviroment": "production",
              "Project": "devops-na-nuvem-week"
            },
            "timeouts": null,
            "upgrade_policy": [
              {
                "support_type": "EXTENDED"
              }
            ],
            "version": "1.31",
            "vpc_config": [
              {
                "cluster_security_group_id": "sg-0b6cdb5b9b58f25aa",
                "endpoint_private_access": false,
                "endpoint_public_access": true,
                "public_access_cidrs": [
                  "0.0.0.0/0"
                ],
                "security_group_ids": null,
                "subnet_ids": [
                  "subnet-010a8fad58e58e8dd",
                  "subnet-0ad6e64e4b347f5ba"
                ],
                "vpc_id": "vpc-01d7fd06116c2c481"
              }
            ],
            "zonal_shift_config": []
          },
          "sensitive_attributes": [],
          "private": "eyJlMmJmYjczMC1lY2FhLTExZTYtOGY4OC0zNDM2M2JjN2M0YzAiOnsiY3JlYXRlIjoxODAwMDAwMDAwMDAwLCJkZWxldGUiOjkwMDAwMDAwMDAwMCwidXBkYXRlIjozNjAwMDAwMDAwMDAwfSwic2NoZW1hX3ZlcnNpb24iOiIxIn0=",
          "dependencies": [
            "aws_iam_role.eks_cluster_role",
            "aws_iam_role_policy_attachment.eks_cluster_role_AmazonEKSClusterPolicy",
            "aws_subnet.privates",
            "aws_vpc.this",
            "data.aws_iam_policy_document.eks_cluster_role"
          ]
        }
      ]
    },
    {
      "mode": "managed",
      "type": "aws_eks_node_group",
      "name": "this",
      "provider": "provider[\"registry.terraform.io/hashicorp/aws\"]",
      "instances": [
        {
          "schema_version": 0,
          "attributes": {
            "ami_type": "AL2023_x86_64_STANDARD",
            "arn": "arn:aws:eks:us-east-1:353203138858:nodegroup/devops-na-nuvem-week-eks-cluster/devops-na-nuvem-week-eks-cluster-node-group/3ecbbd39-2819-f9a8-1bb4-9f1726514acc",
            "capacity_type": "ON_DEMAND",
            "cluster_name": "devops-na-nuvem-week-eks-cluster",
            "disk_size": 20,
            "force_update_version": null,
            "id": "devops-na-nuvem-week-eks-cluster:devops-na-nuvem-week-eks-cluster-node-group",
            "instance_types": [
              "t3.medium"
            ],
            "labels": null,
            "launch_template": [],
            "node_group_name": "devops-na-nuvem-week-eks-cluster-node-group",
            "node_group_name_prefix": "",
            "node_repair_config": [],
            "node_role_arn": "arn:aws:iam::353203138858:role/DevOpsNaNuvemWeekEKSClusterNodeGroup",
            "release_version": "1.31.7-20250610",
            "remote_access": [],
            "resources": [
              {
                "autoscaling_groups": [
                  {
                    "name": "eks-devops-na-nuvem-week-eks-cluster-node-group-3ecbbd39-2819-f9a8-1bb4-9f1726514acc"
                  }
                ],
                "remote_access_security_group_id": ""
              }
            ],
            "scaling_config": [
              {
                "desired_size": 2,
                "max_size": 2,
                "min_size": 2
              }
            ],
            "status": "ACTIVE",
            "subnet_ids": [
              "subnet-010a8fad58e58e8dd",
              "subnet-0ad6e64e4b347f5ba"
            ],
            "tags": {
              "Enviroment": "production",
              "Project": "devops-na-nuvem-week"
            },
            "tags_all": {
              "Enviroment": "production",
              "Project": "devops-na-nuvem-week"
            },
            "taint": [],
            "timeouts": null,
            "update_config": [
              {
                "max_unavailable": 1,
                "max_unavailable_percentage": 0
              }
            ],
            "version": "1.31"
          },
          "sensitive_attributes": [],
          "private": "eyJlMmJmYjczMC1lY2FhLTExZTYtOGY4OC0zNDM2M2JjN2M0YzAiOnsiY3JlYXRlIjozNjAwMDAwMDAwMDAwLCJkZWxldGUiOjM2MDAwMDAwMDAwMDAsInVwZGF0ZSI6MzYwMDAwMDAwMDAwMH19",
          "dependencies": [
            "aws_eks_cluster.this",
            "aws_iam_role.eks_cluster_node_group",
            "aws_iam_role.eks_cluster_role",
            "aws_iam_role_policy_attachment.eks_cluster_node_group_AmazonEC2ContainerRegistryReadOnly",
            "aws_iam_role_policy_attachment.eks_cluster_node_group_AmazonEKSWorkerNodePolicy",
            "aws_iam_role_policy_attachment.eks_cluster_node_group_AmazonEKS_CNI_Policy",
            "aws_iam_role_policy_attachment.eks_cluster_role_AmazonEKSClusterPolicy",
            "aws_subnet.privates",
            "aws_vpc.this",
            "data.aws_iam_policy_document.eks_cluster_role"
          ]
        }
      ]
    },
    {
      "mode": "managed",
      "type": "aws_iam_role",
      "name": "eks_cluster_node_group",
      "provider": "provider[\"registry.terraform.io/hashicorp/aws\"]",
      "instances": [
        {
          "schema_version": 0,
          "attributes": {
            "arn": "arn:aws:iam::353203138858:role/DevOpsNaNuvemWeekEKSClusterNodeGroup",
            "assume_role_policy": "{\"Statement\":[{\"Action\":\"sts:AssumeRole\",\"Effect\":\"Allow\",\"Principal\":{\"Service\":\"ec2.amazonaws.com\"}}],\"Version\":\"2012-10-17\"}",
            "create_date": "2025-06-16T20:25:50Z",
            "description": "",
            "force_detach_policies": false,
            "id": "DevOpsNaNuvemWeekEKSClusterNodeGroup",
            "inline_policy": [],
            "managed_policy_arns": [],
            "max_session_duration": 3600,
            "name": "DevOpsNaNuvemWeekEKSClusterNodeGroup",
            "name_prefix": "",
            "path": "/",
            "permissions_boundary": "",
            "tags": null,
            "tags_all": {},
            "unique_id": "AROAVEPEMGEVDRT2IJQFG"
          },
          "sensitive_attributes": [],
          "private": "bnVsbA=="
        }
      ]
    },
    {
      "mode": "managed",
      "type": "aws_iam_role",
      "name": "eks_cluster_role",
      "provider": "provider[\"registry.terraform.io/hashicorp/aws\"]",
      "instances": [
        {
          "schema_version": 0,
          "attributes": {
            "arn": "arn:aws:iam::353203138858:role/DevOpsNaNuvemWeekEKSClusterRole",
            "assume_role_policy": "{\"Statement\":[{\"Action\":\"sts:AssumeRole\",\"Effect\":\"Allow\",\"Principal\":{\"Service\":\"eks.amazonaws.com\"}}],\"Version\":\"2012-10-17\"}",
            "create_date": "2025-06-16T20:25:50Z",
            "description": "",
            "force_detach_policies": false,
            "id": "DevOpsNaNuvemWeekEKSClusterRole",
            "inline_policy": [],
            "managed_policy_arns": [],
            "max_session_duration": 3600,
            "name": "DevOpsNaNuvemWeekEKSClusterRole",
            "name_prefix": "",
            "path": "/",
            "permissions_boundary": "",
            "tags": null,
            "tags_all": {},
            "unique_id": "AROAVEPEMGEVPWOQ4BA3M"
          },
          "sensitive_attributes": [],
          "private": "bnVsbA==",
          "dependencies": [
            "data.aws_iam_policy_document.eks_cluster_role"
          ]
        }
      ]
    },
    {
      "mode": "managed",
      "type": "aws_iam_role_policy_attachment",
      "name": "eks_cluster_node_group_AmazonEC2ContainerRegistryReadOnly",
      "provider": "provider[\"registry.terraform.io/hashicorp/aws\"]",
      "instances": [
        {
          "schema_version": 0,
          "attributes": {
            "id": "DevOpsNaNuvemWeekEKSClusterNodeGroup-20250616202550803900000003",
            "policy_arn": "arn:aws:iam::aws:policy/AmazonEC2ContainerRegistryReadOnly",
            "role": "DevOpsNaNuvemWeekEKSClusterNodeGroup"
          },
          "sensitive_attributes": [],
          "private": "bnVsbA==",
          "dependencies": [
            "aws_iam_role.eks_cluster_node_group"
          ]
        }
      ]
    },
    {
      "mode": "managed",
      "type": "aws_iam_role_policy_attachment",
      "name": "eks_cluster_node_group_AmazonEKSWorkerNodePolicy",
      "provider": "provider[\"registry.terraform.io/hashicorp/aws\"]",
      "instances": [
        {
          "schema_version": 0,
          "attributes": {
            "id": "DevOpsNaNuvemWeekEKSClusterNodeGroup-20250616202550936000000004",
            "policy_arn": "arn:aws:iam::aws:policy/AmazonEKSWorkerNodePolicy",
            "role": "DevOpsNaNuvemWeekEKSClusterNodeGroup"
          },
          "sensitive_attributes": [],
          "private": "bnVsbA==",
          "dependencies": [
            "aws_iam_role.eks_cluster_node_group"
          ]
        }
      ]
    },
    {
      "mode": "managed",
      "type": "aws_iam_role_policy_attachment",
      "name": "eks_cluster_node_group_AmazonEKS_CNI_Policy",
      "provider": "provider[\"registry.terraform.io/hashicorp/aws\"]",
      "instances": [
        {
          "schema_version": 0,
          "attributes": {
            "id": "DevOpsNaNuvemWeekEKSClusterNodeGroup-20250616202550652200000001",
            "policy_arn": "arn:aws:iam::aws:policy/AmazonEKS_CNI_Policy",
            "role": "DevOpsNaNuvemWeekEKSClusterNodeGroup"
          },
          "sensitive_attributes": [],
          "private": "bnVsbA==",
          "dependencies": [
            "aws_iam_role.eks_cluster_node_group"
          ]
        }
      ]
    },
    {
      "mode": "managed",
      "type": "aws_iam_role_policy_attachment",
      "name": "eks_cluster_role_AmazonEKSClusterPolicy",
      "provider": "provider[\"registry.terraform.io/hashicorp/aws\"]",
      "instances": [
        {
          "schema_version": 0,
          "attributes": {
            "id": "DevOpsNaNuvemWeekEKSClusterRole-20250616202550670400000002",
            "policy_arn": "arn:aws:iam::aws:policy/AmazonEKSClusterPolicy",
            "role": "DevOpsNaNuvemWeekEKSClusterRole"
          },
          "sensitive_attributes": [],
          "private": "bnVsbA==",
          "dependencies": [
            "aws_iam_role.eks_cluster_role",
            "data.aws_iam_policy_document.eks_cluster_role"
          ]
        }
      ]
    },
    {
      "mode": "managed",
      "type": "aws_internet_gateway",
      "name": "this",
      "provider": "provider[\"registry.terraform.io/hashicorp/aws\"]",
      "instances": [
        {
          "schema_version": 0,
          "attributes": {
            "arn": "arn:aws:ec2:us-east-1:353203138858:internet-gateway/igw-07811e420ddb416c8",
            "id": "igw-07811e420ddb416c8",
            "owner_id": "353203138858",
            "tags": {
              "Enviroment": "production",
              "Name": "devops-na-nuvem-week-vpc-internet-gateway",
              "Project": "devops-na-nuvem-week"
            },
            "tags_all": {
              "Enviroment": "production",
              "Name": "devops-na-nuvem-week-vpc-internet-gateway",
              "Project": "devops-na-nuvem-week"
            },
            "timeouts": null,
            "vpc_id": "vpc-01d7fd06116c2c481"
          },
          "sensitive_attributes": [],
          "private": "eyJlMmJmYjczMC1lY2FhLTExZTYtOGY4OC0zNDM2M2JjN2M0YzAiOnsiY3JlYXRlIjoxMjAwMDAwMDAwMDAwLCJkZWxldGUiOjEyMDAwMDAwMDAwMDAsInVwZGF0ZSI6MTIwMDAwMDAwMDAwMH19",
          "dependencies": [
            "aws_vpc.this"
          ]
        }
      ]
    },
    {
      "mode": "managed",
      "type": "aws_nat_gateway",
      "name": "this",
      "provider": "provider[\"registry.terraform.io/hashicorp/aws\"]",
      "instances": [
        {
          "schema_version": 0,
          "attributes": {
            "allocation_id": "eipalloc-0f518be11a109f187",
            "association_id": "eipassoc-0c3e813454aeeb7a9",
            "connectivity_type": "public",
            "id": "nat-08eaebadda2cf6563",
            "network_interface_id": "eni-04bac77f04e5f4f23",
            "private_ip": "10.0.0.42",
            "public_ip": "3.209.211.108",
            "secondary_allocation_ids": null,
            "secondary_private_ip_address_count": 0,
            "secondary_private_ip_addresses": [],
            "subnet_id": "subnet-08c14e7dbeaebe3ae",
            "tags": {
              "Enviroment": "production",
              "Name": "devops-na-nuvem-week-vpc-nat-gateway",
              "Project": "devops-na-nuvem-week"
            },
            "tags_all": {
              "Enviroment": "production",
              "Name": "devops-na-nuvem-week-vpc-nat-gateway",
              "Project": "devops-na-nuvem-week"
            },
            "timeouts": null
          },
          "sensitive_attributes": [],
          "private": "eyJlMmJmYjczMC1lY2FhLTExZTYtOGY4OC0zNDM2M2JjN2M0YzAiOnsiY3JlYXRlIjo2MDAwMDAwMDAwMDAsImRlbGV0ZSI6MTgwMDAwMDAwMDAwMCwidXBkYXRlIjo2MDAwMDAwMDAwMDB9fQ==",
          "dependencies": [
            "aws_eip.this",
            "aws_internet_gateway.this",
            "aws_subnet.publics",
            "aws_vpc.this"
          ]
        }
      ]
    },
    {
      "mode": "managed",
      "type": "aws_route_table",
      "name": "private",
      "provider": "provider[\"registry.terraform.io/hashicorp/aws\"]",
      "instances": [
        {
          "schema_version": 0,
          "attributes": {
            "arn": "arn:aws:ec2:us-east-1:353203138858:route-table/rtb-01dcb9ee0ffcb488b",
            "id": "rtb-01dcb9ee0ffcb488b",
            "owner_id": "353203138858",
            "propagating_vgws": [],
            "route": [
              {
                "carrier_gateway_id": "",
                "cidr_block": "0.0.0.0/0",
                "core_network_arn": "",
                "destination_prefix_list_id": "",
                "egress_only_gateway_id": "",
                "gateway_id": "",
                "ipv6_cidr_block": "",
                "local_gateway_id": "",
                "nat_gateway_id": "nat-08eaebadda2cf6563",
                "network_interface_id": "",
                "transit_gateway_id": "",
                "vpc_endpoint_id": "",
                "vpc_peering_connection_id": ""
              }
            ],
            "tags": {
              "Enviroment": "production",
              "Name": "devops-na-nuvem-week-vpc-private_route_table_name",
              "Project": "devops-na-nuvem-week"
            },
            "tags_all": {
              "Enviroment": "production",
              "Name": "devops-na-nuvem-week-vpc-private_route_table_name",
              "Project": "devops-na-nuvem-week"
            },
            "timeouts": null,
            "vpc_id": "vpc-01d7fd06116c2c481"
          },
          "sensitive_attributes": [],
          "private": "eyJlMmJmYjczMC1lY2FhLTExZTYtOGY4OC0zNDM2M2JjN2M0YzAiOnsiY3JlYXRlIjozMDAwMDAwMDAwMDAsImRlbGV0ZSI6MzAwMDAwMDAwMDAwLCJ1cGRhdGUiOjEyMDAwMDAwMDAwMH19",
          "dependencies": [
            "aws_eip.this",
            "aws_internet_gateway.this",
            "aws_nat_gateway.this",
            "aws_subnet.publics",
            "aws_vpc.this"
          ]
        }
      ]
    },
    {
      "mode": "managed",
      "type": "aws_route_table",
      "name": "public",
      "provider": "provider[\"registry.terraform.io/hashicorp/aws\"]",
      "instances": [
        {
          "schema_version": 0,
          "attributes": {
            "arn": "arn:aws:ec2:us-east-1:353203138858:route-table/rtb-052a845c6824df7a2",
            "id": "rtb-052a845c6824df7a2",
            "owner_id": "353203138858",
            "propagating_vgws": [],
            "route": [
              {
                "carrier_gateway_id": "",
                "cidr_block": "0.0.0.0/0",
                "core_network_arn": "",
                "destination_prefix_list_id": "",
                "egress_only_gateway_id": "",
                "gateway_id": "igw-07811e420ddb416c8",
                "ipv6_cidr_block": "",
                "local_gateway_id": "",
                "nat_gateway_id": "",
                "network_interface_id": "",
                "transit_gateway_id": "",
                "vpc_endpoint_id": "",
                "vpc_peering_connection_id": ""
              }
            ],
            "tags": {
              "Enviroment": "production",
              "Name": "devops-na-nuvem-week-vpc-public_route_table_name",
              "Project": "devops-na-nuvem-week"
            },
            "tags_all": {
              "Enviroment": "production",
              "Name": "devops-na-nuvem-week-vpc-public_route_table_name",
              "Project": "devops-na-nuvem-week"
            },
            "timeouts": null,
            "vpc_id": "vpc-01d7fd06116c2c481"
          },
          "sensitive_attributes": [],
          "private": "eyJlMmJmYjczMC1lY2FhLTExZTYtOGY4OC0zNDM2M2JjN2M0YzAiOnsiY3JlYXRlIjozMDAwMDAwMDAwMDAsImRlbGV0ZSI6MzAwMDAwMDAwMDAwLCJ1cGRhdGUiOjEyMDAwMDAwMDAwMH19",
          "dependencies": [
            "aws_internet_gateway.this",
            "aws_vpc.this"
          ]
        }
      ]
    },
    {
      "mode": "managed",
      "type": "aws_route_table_association",
      "name": "privates",
      "provider": "provider[\"registry.terraform.io/hashicorp/aws\"]",
      "instances": [
        {
          "index_key": 0,
          "schema_version": 0,
          "attributes": {
            "gateway_id": "",
            "id": "rtbassoc-08fa80e1184244b63",
            "route_table_id": "rtb-01dcb9ee0ffcb488b",
            "subnet_id": "subnet-0ad6e64e4b347f5ba",
            "timeouts": null
          },
          "sensitive_attributes": [],
          "private": "eyJlMmJmYjczMC1lY2FhLTExZTYtOGY4OC0zNDM2M2JjN2M0YzAiOnsiY3JlYXRlIjozMDAwMDAwMDAwMDAsImRlbGV0ZSI6MzAwMDAwMDAwMDAwLCJ1cGRhdGUiOjEyMDAwMDAwMDAwMH19",
          "dependencies": [
            "aws_eip.this",
            "aws_internet_gateway.this",
            "aws_nat_gateway.this",
            "aws_route_table.private",
            "aws_subnet.privates",
            "aws_subnet.publics",
            "aws_vpc.this"
          ]
        },
        {
          "index_key": 1,
          "schema_version": 0,
          "attributes": {
            "gateway_id": "",
            "id": "rtbassoc-0b04882a777349b0f",
            "route_table_id": "rtb-01dcb9ee0ffcb488b",
            "subnet_id": "subnet-010a8fad58e58e8dd",
            "timeouts": null
          },
          "sensitive_attributes": [],
          "private": "eyJlMmJmYjczMC1lY2FhLTExZTYtOGY4OC0zNDM2M2JjN2M0YzAiOnsiY3JlYXRlIjozMDAwMDAwMDAwMDAsImRlbGV0ZSI6MzAwMDAwMDAwMDAwLCJ1cGRhdGUiOjEyMDAwMDAwMDAwMH19",
          "dependencies": [
            "aws_eip.this",
            "aws_internet_gateway.this",
            "aws_nat_gateway.this",
            "aws_route_table.private",
            "aws_subnet.privates",
            "aws_subnet.publics",
            "aws_vpc.this"
          ]
        }
      ]
    },
    {
      "mode": "managed",
      "type": "aws_route_table_association",
      "name": "publics",
      "provider": "provider[\"registry.terraform.io/hashicorp/aws\"]",
      "instances": [
        {
          "index_key": 0,
          "schema_version": 0,
          "attributes": {
            "gateway_id": "",
            "id": "rtbassoc-0b4d86752b67b2010",
            "route_table_id": "rtb-052a845c6824df7a2",
            "subnet_id": "subnet-08c14e7dbeaebe3ae",
            "timeouts": null
          },
          "sensitive_attributes": [],
          "private": "eyJlMmJmYjczMC1lY2FhLTExZTYtOGY4OC0zNDM2M2JjN2M0YzAiOnsiY3JlYXRlIjozMDAwMDAwMDAwMDAsImRlbGV0ZSI6MzAwMDAwMDAwMDAwLCJ1cGRhdGUiOjEyMDAwMDAwMDAwMH19",
          "dependencies": [
            "aws_internet_gateway.this",
            "aws_route_table.public",
            "aws_subnet.publics",
            "aws_vpc.this"
          ]
        },
        {
          "index_key": 1,
          "schema_version": 0,
          "attributes": {
            "gateway_id": "",
            "id": "rtbassoc-0a3e0c3577e416eed",
            "route_table_id": "rtb-052a845c6824df7a2",
            "subnet_id": "subnet-0a5354d357893437e",
            "timeouts": null
          },
          "sensitive_attributes": [],
          "private": "eyJlMmJmYjczMC1lY2FhLTExZTYtOGY4OC0zNDM2M2JjN2M0YzAiOnsiY3JlYXRlIjozMDAwMDAwMDAwMDAsImRlbGV0ZSI6MzAwMDAwMDAwMDAwLCJ1cGRhdGUiOjEyMDAwMDAwMDAwMH19",
          "dependencies": [
            "aws_internet_gateway.this",
            "aws_route_table.public",
            "aws_subnet.publics",
            "aws_vpc.this"
          ]
        }
      ]
    },
    {
      "mode": "managed",
      "type": "aws_subnet",
      "name": "privates",
      "provider": "provider[\"registry.terraform.io/hashicorp/aws\"]",
      "instances": [
        {
          "index_key": 0,
          "schema_version": 1,
          "attributes": {
            "arn": "arn:aws:ec2:us-east-1:353203138858:subnet/subnet-0ad6e64e4b347f5ba",
            "assign_ipv6_address_on_creation": false,
            "availability_zone": "us-east-1a",
            "availability_zone_id": "use1-az6",
            "cidr_block": "10.0.0.128/26",
            "customer_owned_ipv4_pool": "",
            "enable_dns64": false,
            "enable_lni_at_device_index": 0,
            "enable_resource_name_dns_a_record_on_launch": false,
            "enable_resource_name_dns_aaaa_record_on_launch": false,
            "id": "subnet-0ad6e64e4b347f5ba",
            "ipv6_cidr_block": "",
            "ipv6_cidr_block_association_id": "",
            "ipv6_native": false,
            "map_customer_owned_ip_on_launch": false,
            "map_public_ip_on_launch": false,
            "outpost_arn": "",
            "owner_id": "353203138858",
            "private_dns_hostname_type_on_launch": "ip-name",
            "tags": {
              "Enviroment": "production",
              "Name": "devops-na-nuvem-week-vpc-private-subnet-us-east-1a",
              "Project": "devops-na-nuvem-week"
            },
            "tags_all": {
              "Enviroment": "production",
              "Name": "devops-na-nuvem-week-vpc-private-subnet-us-east-1a",
              "Project": "devops-na-nuvem-week"
            },
            "timeouts": null,
            "vpc_id": "vpc-01d7fd06116c2c481"
          },
          "sensitive_attributes": [],
          "private": "eyJlMmJmYjczMC1lY2FhLTExZTYtOGY4OC0zNDM2M2JjN2M0YzAiOnsiY3JlYXRlIjo2MDAwMDAwMDAwMDAsImRlbGV0ZSI6MTIwMDAwMDAwMDAwMH0sInNjaGVtYV92ZXJzaW9uIjoiMSJ9",
          "dependencies": [
            "aws_vpc.this"
          ]
        },
        {
          "index_key": 1,
          "schema_version": 1,
          "attributes": {
            "arn": "arn:aws:ec2:us-east-1:353203138858:subnet/subnet-010a8fad58e58e8dd",
            "assign_ipv6_address_on_creation": false,
            "availability_zone": "us-east-1b",
            "availability_zone_id": "use1-az1",
            "cidr_block": "10.0.0.192/26",
            "customer_owned_ipv4_pool": "",
            "enable_dns64": false,
            "enable_lni_at_device_index": 0,
            "enable_resource_name_dns_a_record_on_launch": false,
            "enable_resource_name_dns_aaaa_record_on_launch": false,
            "id": "subnet-010a8fad58e58e8dd",
            "ipv6_cidr_block": "",
            "ipv6_cidr_block_association_id": "",
            "ipv6_native": false,
            "map_customer_owned_ip_on_launch": false,
            "map_public_ip_on_launch": false,
            "outpost_arn": "",
            "owner_id": "353203138858",
            "private_dns_hostname_type_on_launch": "ip-name",
            "tags": {
              "Enviroment": "production",
              "Name": "devops-na-nuvem-week-vpc-private-subnet-us-east-1b",
              "Project": "devops-na-nuvem-week"
            },
            "tags_all": {
              "Enviroment": "production",
              "Name": "devops-na-nuvem-week-vpc-private-subnet-us-east-1b",
              "Project": "devops-na-nuvem-week"
            },
            "timeouts": null,
            "vpc_id": "vpc-01d7fd06116c2c481"
          },
          "sensitive_attributes": [],
          "private": "eyJlMmJmYjczMC1lY2FhLTExZTYtOGY4OC0zNDM2M2JjN2M0YzAiOnsiY3JlYXRlIjo2MDAwMDAwMDAwMDAsImRlbGV0ZSI6MTIwMDAwMDAwMDAwMH0sInNjaGVtYV92ZXJzaW9uIjoiMSJ9",
          "dependencies": [
            "aws_vpc.this"
          ]
        }
      ]
    },
    {
      "mode": "managed",
      "type": "aws_subnet",
      "name": "publics",
      "provider": "provider[\"registry.terraform.io/hashicorp/aws\"]",
      "instances": [
        {
          "index_key": 0,
          "schema_version": 1,
          "attributes": {
            "arn": "arn:aws:ec2:us-east-1:353203138858:subnet/subnet-08c14e7dbeaebe3ae",
            "assign_ipv6_address_on_creation": false,
            "availability_zone": "us-east-1a",
            "availability_zone_id": "use1-az6",
            "cidr_block": "10.0.0.0/26",
            "customer_owned_ipv4_pool": "",
            "enable_dns64": false,
            "enable_lni_at_device_index": 0,
            "enable_resource_name_dns_a_record_on_launch": false,
            "enable_resource_name_dns_aaaa_record_on_launch": false,
            "id": "subnet-08c14e7dbeaebe3ae",
            "ipv6_cidr_block": "",
            "ipv6_cidr_block_association_id": "",
            "ipv6_native": false,
            "map_customer_owned_ip_on_launch": false,
            "map_public_ip_on_launch": true,
            "outpost_arn": "",
            "owner_id": "353203138858",
            "private_dns_hostname_type_on_launch": "ip-name",
            "tags": {
              "Enviroment": "production",
              "Name": "devops-na-nuvem-week-vpc-public-subnet-us-east-1a",
              "Project": "devops-na-nuvem-week"
            },
            "tags_all": {
              "Enviroment": "production",
              "Name": "devops-na-nuvem-week-vpc-public-subnet-us-east-1a",
              "Project": "devops-na-nuvem-week"
            },
            "timeouts": null,
            "vpc_id": "vpc-01d7fd06116c2c481"
          },
          "sensitive_attributes": [],
          "private": "eyJlMmJmYjczMC1lY2FhLTExZTYtOGY4OC0zNDM2M2JjN2M0YzAiOnsiY3JlYXRlIjo2MDAwMDAwMDAwMDAsImRlbGV0ZSI6MTIwMDAwMDAwMDAwMH0sInNjaGVtYV92ZXJzaW9uIjoiMSJ9",
          "dependencies": [
            "aws_vpc.this"
          ]
        },
        {
          "index_key": 1,
          "schema_version": 1,
          "attributes": {
            "arn": "arn:aws:ec2:us-east-1:353203138858:subnet/subnet-0a5354d357893437e",
            "assign_ipv6_address_on_creation": false,
            "availability_zone": "us-east-1b",
            "availability_zone_id": "use1-az1",
            "cidr_block": "10.0.0.64/26",
            "customer_owned_ipv4_pool": "",
            "enable_dns64": false,
            "enable_lni_at_device_index": 0,
            "enable_resource_name_dns_a_record_on_launch": false,
            "enable_resource_name_dns_aaaa_record_on_launch": false,
            "id": "subnet-0a5354d357893437e",
            "ipv6_cidr_block": "",
            "ipv6_cidr_block_association_id": "",
            "ipv6_native": false,
            "map_customer_owned_ip_on_launch": false,
            "map_public_ip_on_launch": true,
            "outpost_arn": "",
            "owner_id": "353203138858",
            "private_dns_hostname_type_on_launch": "ip-name",
            "tags": {
              "Enviroment": "production",
              "Name": "devops-na-nuvem-week-vpc-public-subnet-us-east-1b",
              "Project": "devops-na-nuvem-week"
            },
            "tags_all": {
              "Enviroment": "production",
              "Name": "devops-na-nuvem-week-vpc-public-subnet-us-east-1b",
              "Project": "devops-na-nuvem-week"
            },
            "timeouts": null,
            "vpc_id": "vpc-01d7fd06116c2c481"
          },
          "sensitive_attributes": [],
          "private": "eyJlMmJmYjczMC1lY2FhLTExZTYtOGY4OC0zNDM2M2JjN2M0YzAiOnsiY3JlYXRlIjo2MDAwMDAwMDAwMDAsImRlbGV0ZSI6MTIwMDAwMDAwMDAwMH0sInNjaGVtYV92ZXJzaW9uIjoiMSJ9",
          "dependencies": [
            "aws_vpc.this"
          ]
        }
      ]
    },
    {
      "mode": "managed",
      "type": "aws_vpc",
      "name": "this",
      "provider": "provider[\"registry.terraform.io/hashicorp/aws\"]",
      "instances": [
        {
          "schema_version": 1,
          "attributes": {
            "arn": "arn:aws:ec2:us-east-1:353203138858:vpc/vpc-01d7fd06116c2c481",
            "assign_generated_ipv6_cidr_block": false,
            "cidr_block": "10.0.0.0/24",
            "default_network_acl_id": "acl-0b9e8ec5430a69d23",
            "default_route_table_id": "rtb-03e955b516eeb1069",
            "default_security_group_id": "sg-059857d34406bb9ec",
            "dhcp_options_id": "dopt-0c031449fa4da841f",
            "enable_dns_hostnames": false,
            "enable_dns_support": true,
            "enable_network_address_usage_metrics": false,
            "id": "vpc-01d7fd06116c2c481",
            "instance_tenancy": "default",
            "ipv4_ipam_pool_id": null,
            "ipv4_netmask_length": null,
            "ipv6_association_id": "",
            "ipv6_cidr_block": "",
            "ipv6_cidr_block_network_border_group": "",
            "ipv6_ipam_pool_id": "",
            "ipv6_netmask_length": 0,
            "main_route_table_id": "rtb-03e955b516eeb1069",
            "owner_id": "353203138858",
            "tags": {
              "Enviroment": "production",
              "Name": "devops-na-nuvem-week-vpc",
              "Project": "devops-na-nuvem-week"
            },
            "tags_all": {
              "Enviroment": "production",
              "Name": "devops-na-nuvem-week-vpc",
              "Project": "devops-na-nuvem-week"
            }
          },
          "sensitive_attributes": [],
          "private": "eyJzY2hlbWFfdmVyc2lvbiI6IjEifQ=="
        }
      ]
    }
  ],
  "check_results": null
}
