{
  "version": 4,
  "terraform_version": "1.9.7",
  "serial": 1,
  "lineage": "91c608ee-31aa-087a-5804-cb335486c3f0",
  "outputs": {},
  "resources": [
    {
      "mode": "data",
      "type": "aws_route53_zone",
      "name": "this",
      "provider": "provider[\"registry.terraform.io/hashicorp/aws\"]",
      "instances": [
        {
          "schema_version": 0,
          "attributes": {
            "arn": "arn:aws:route53:::hostedzone/Z01216468EA6932NCFLS",
            "caller_reference": "79bff0f0-815f-45d1-b66a-1b6b68ceb963",
            "comment": "",
            "id": "Z01216468EA6932NCFLS",
            "linked_service_description": null,
            "linked_service_principal": null,
            "name": "amoachados.com",
            "name_servers": [
              "ns-1795.awsdns-32.co.uk",
              "ns-1177.awsdns-19.org",
              "ns-595.awsdns-10.net",
              "ns-68.awsdns-08.com"
            ],
            "primary_name_server": "ns-1795.awsdns-32.co.uk",
            "private_zone": false,
            "resource_record_set_count": 2,
            "tags": {},
            "vpc_id": null,
            "zone_id": "Z01216468EA6932NCFLS"
          },
          "sensitive_attributes": []
        }
      ]
    },
    {
      "mode": "managed",
      "type": "aws_acm_certificate",
      "name": "this",
      "provider": "provider[\"registry.terraform.io/hashicorp/aws\"]",
      "instances": [
        {
          "status": "tainted",
          "schema_version": 0,
          "attributes": {
            "arn": null,
            "certificate_authority_arn": null,
            "certificate_body": null,
            "certificate_chain": null,
            "domain_name": "var.domain",
            "domain_validation_options": [
              {
                "domain_name": "var.domain",
                "resource_record_name": "",
                "resource_record_type": "",
                "resource_record_value": ""
              }
            ],
            "early_renewal_duration": null,
            "id": "arn:aws:acm:us-east-1:353203138858:certificate/22019a10-da9f-41cd-a495-d8bd516ece47",
            "key_algorithm": null,
            "not_after": null,
            "not_before": null,
            "options": null,
            "pending_renewal": null,
            "private_key": null,
            "renewal_eligibility": null,
            "renewal_summary": null,
            "status": null,
            "subject_alternative_names": [
              "var.domain"
            ],
            "tags": {
              "Enviroment": "uat"
            },
            "tags_all": {
              "Enviroment": "uat"
            },
            "type": null,
            "validation_emails": null,
            "validation_method": "DNS",
            "validation_option": []
          },
          "sensitive_attributes": [
            [
              {
                "type": "get_attr",
                "value": "private_key"
              }
            ]
          ],
          "private": "bnVsbA=="
        }
      ]
    }
  ],
  "check_results": null
}
