{
  "version": 4,
  "terraform_version": "1.9.7",
  "serial": 80,
  "lineage": "13a7e5b2-9c85-c635-efdc-39adbe4e0823",
  "outputs": {
    "elastic_ip_nat_gateway_1a_public_ip": {
      "value": "98.87.86.114",
      "type": "string"
    },
    "elastic_ip_nat_gateway_1b_public_ip": {
      "value": "52.23.148.149",
      "type": "string"
    },
    "nat_gateway_1a_id": {
      "value": "nat-09961cf46b5d4f697",
      "type": "string"
    },
    "nat_gateway_1a_public_ip": {
      "value": "98.87.86.114",
      "type": "string"
    },
    "nat_gateway_1b_id": {
      "value": "nat-02b0091d443fd7949",
      "type": "string"
    },
    "nat_gateway_1b_public_ip": {
      "value": "52.23.148.149",
      "type": "string"
    },
    "nsse_production_vpc_internet_gateway_id": {
      "value": "igw-05d42367f11de4830",
      "type": "string"
    },
    "vpc_id": {
      "value": "vpc-01de5e6b0eb06c56a",
      "type": "string"
    }
  },
  "resources": [
    {
      "mode": "managed",
      "type": "aws_eip",
      "name": "nat_gateway_1a",
      "provider": "provider[\"registry.terraform.io/hashicorp/aws\"]",
      "instances": [
        {
          "schema_version": 0,
          "attributes": {
            "address": null,
            "allocation_id": "eipalloc-05698a7b0ec0bb8da",
            "arn": "arn:aws:ec2:us-east-1:353203138858:elastic-ip/eipalloc-05698a7b0ec0bb8da",
            "associate_with_private_ip": null,
            "association_id": "",
            "carrier_ip": "",
            "customer_owned_ip": "",
            "customer_owned_ipv4_pool": "",
            "domain": "vpc",
            "id": "eipalloc-05698a7b0ec0bb8da",
            "instance": "",
            "ipam_pool_id": null,
            "network_border_group": "us-east-1",
            "network_interface": "",
            "private_dns": null,
            "private_ip": "",
            "ptr_record": "",
            "public_dns": "ec2-98-87-86-114.compute-1.amazonaws.com",
            "public_ip": "98.87.86.114",
            "public_ipv4_pool": "amazon",
            "tags": {
              "Enviroment": "production",
              "Name": "nsse-production-eip-nat-gateway-1a",
              "Project": "nsse"
            },
            "tags_all": {
              "Enviroment": "production",
              "Name": "nsse-production-eip-nat-gateway-1a",
              "Project": "nsse"
            },
            "timeouts": null,
            "vpc": true
          },
          "sensitive_attributes": [],
          "private": "eyJlMmJmYjczMC1lY2FhLTExZTYtOGY4OC0zNDM2M2JjN2M0YzAiOnsiZGVsZXRlIjoxODAwMDAwMDAwMDAsInJlYWQiOjkwMDAwMDAwMDAwMCwidXBkYXRlIjozMDAwMDAwMDAwMDB9fQ=="
        }
      ]
    },
    {
      "mode": "managed",
      "type": "aws_eip",
      "name": "nat_gateway_1b",
      "provider": "provider[\"registry.terraform.io/hashicorp/aws\"]",
      "instances": [
        {
          "schema_version": 0,
          "attributes": {
            "address": null,
            "allocation_id": "eipalloc-01b20b5da062118eb",
            "arn": "arn:aws:ec2:us-east-1:353203138858:elastic-ip/eipalloc-01b20b5da062118eb",
            "associate_with_private_ip": null,
            "association_id": "",
            "carrier_ip": "",
            "customer_owned_ip": "",
            "customer_owned_ipv4_pool": "",
            "domain": "vpc",
            "id": "eipalloc-01b20b5da062118eb",
            "instance": "",
            "ipam_pool_id": null,
            "network_border_group": "us-east-1",
            "network_interface": "",
            "private_dns": null,
            "private_ip": "",
            "ptr_record": "",
            "public_dns": "ec2-52-23-148-149.compute-1.amazonaws.com",
            "public_ip": "52.23.148.149",
            "public_ipv4_pool": "amazon",
            "tags": {
              "Enviroment": "production",
              "Name": "nsse-production-eip-nat-gateway-1b",
              "Project": "nsse"
            },
            "tags_all": {
              "Enviroment": "production",
              "Name": "nsse-production-eip-nat-gateway-1b",
              "Project": "nsse"
            },
            "timeouts": null,
            "vpc": true
          },
          "sensitive_attributes": [],
          "private": "eyJlMmJmYjczMC1lY2FhLTExZTYtOGY4OC0zNDM2M2JjN2M0YzAiOnsiZGVsZXRlIjoxODAwMDAwMDAwMDAsInJlYWQiOjkwMDAwMDAwMDAwMCwidXBkYXRlIjozMDAwMDAwMDAwMDB9fQ=="
        }
      ]
    },
    {
      "mode": "managed",
      "type": "aws_internet_gateway",
      "name": "nsse_production_vpc_internet_gateway",
      "provider": "provider[\"registry.terraform.io/hashicorp/aws\"]",
      "instances": [
        {
          "schema_version": 0,
          "attributes": {
            "arn": "arn:aws:ec2:us-east-1:353203138858:internet-gateway/igw-05d42367f11de4830",
            "id": "igw-05d42367f11de4830",
            "owner_id": "353203138858",
            "tags": {
              "Enviroment": "production",
              "Name": "nsse-production-vpc-internet-gateway",
              "Project": "nsse"
            },
            "tags_all": {
              "Enviroment": "production",
              "Name": "nsse-production-vpc-internet-gateway",
              "Project": "nsse"
            },
            "timeouts": null,
            "vpc_id": "vpc-01de5e6b0eb06c56a"
          },
          "sensitive_attributes": [],
          "private": "eyJlMmJmYjczMC1lY2FhLTExZTYtOGY4OC0zNDM2M2JjN2M0YzAiOnsiY3JlYXRlIjoxMjAwMDAwMDAwMDAwLCJkZWxldGUiOjEyMDAwMDAwMDAwMDAsInVwZGF0ZSI6MTIwMDAwMDAwMDAwMH19",
          "dependencies": [
            "aws_vpc.this"
          ]
        }
      ]
    },
    {
      "mode": "managed",
      "type": "aws_nat_gateway",
      "name": "us_east_1a",
      "provider": "provider[\"registry.terraform.io/hashicorp/aws\"]",
      "instances": [
        {
          "schema_version": 0,
          "attributes": {
            "allocation_id": "eipalloc-05698a7b0ec0bb8da",
            "association_id": "eipassoc-01095f708bce79961",
            "connectivity_type": "public",
            "id": "nat-09961cf46b5d4f697",
            "network_interface_id": "eni-0b5de82222cbbaa9f",
            "private_ip": "10.0.0.15",
            "public_ip": "98.87.86.114",
            "secondary_allocation_ids": null,
            "secondary_private_ip_address_count": 0,
            "secondary_private_ip_addresses": [],
            "subnet_id": "subnet-0349ca9ae3aa66b3f",
            "tags": {
              "Enviroment": "production",
              "Name": "nsse-production-vpc-nat-gateway-1a",
              "Project": "nsse"
            },
            "tags_all": {
              "Enviroment": "production",
              "Name": "nsse-production-vpc-nat-gateway-1a",
              "Project": "nsse"
            },
            "timeouts": null
          },
          "sensitive_attributes": [],
          "private": "eyJlMmJmYjczMC1lY2FhLTExZTYtOGY4OC0zNDM2M2JjN2M0YzAiOnsiY3JlYXRlIjo2MDAwMDAwMDAwMDAsImRlbGV0ZSI6MTgwMDAwMDAwMDAwMCwidXBkYXRlIjo2MDAwMDAwMDAwMDB9fQ==",
          "dependencies": [
            "aws_eip.nat_gateway_1a",
            "aws_subnet.publics",
            "aws_vpc.this"
          ]
        }
      ]
    },
    {
      "mode": "managed",
      "type": "aws_nat_gateway",
      "name": "us_east_1b",
      "provider": "provider[\"registry.terraform.io/hashicorp/aws\"]",
      "instances": [
        {
          "schema_version": 0,
          "attributes": {
            "allocation_id": "eipalloc-01b20b5da062118eb",
            "association_id": "eipassoc-01c1088de1ebbef28",
            "connectivity_type": "public",
            "id": "nat-02b0091d443fd7949",
            "network_interface_id": "eni-00de52115895e85f6",
            "private_ip": "10.0.0.87",
            "public_ip": "52.23.148.149",
            "secondary_allocation_ids": null,
            "secondary_private_ip_address_count": 0,
            "secondary_private_ip_addresses": [],
            "subnet_id": "subnet-00ddf2afba91c420c",
            "tags": {
              "Enviroment": "production",
              "Name": "nsse-production-vpc-nat-gateway-1b",
              "Project": "nsse"
            },
            "tags_all": {
              "Enviroment": "production",
              "Name": "nsse-production-vpc-nat-gateway-1b",
              "Project": "nsse"
            },
            "timeouts": null
          },
          "sensitive_attributes": [],
          "private": "eyJlMmJmYjczMC1lY2FhLTExZTYtOGY4OC0zNDM2M2JjN2M0YzAiOnsiY3JlYXRlIjo2MDAwMDAwMDAwMDAsImRlbGV0ZSI6MTgwMDAwMDAwMDAwMCwidXBkYXRlIjo2MDAwMDAwMDAwMDB9fQ==",
          "dependencies": [
            "aws_eip.nat_gateway_1b",
            "aws_subnet.publics",
            "aws_vpc.this"
          ]
        }
      ]
    },
    {
      "mode": "managed",
      "type": "aws_route_table",
      "name": "private_1a",
      "provider": "provider[\"registry.terraform.io/hashicorp/aws\"]",
      "instances": [
        {
          "schema_version": 0,
          "attributes": {
            "arn": "arn:aws:ec2:us-east-1:353203138858:route-table/rtb-09b8ca95755e0187d",
            "id": "rtb-09b8ca95755e0187d",
            "owner_id": "353203138858",
            "propagating_vgws": [],
            "route": [
              {
                "carrier_gateway_id": "",
                "cidr_block": "0.0.0.0/0",
                "core_network_arn": "",
                "destination_prefix_list_id": "",
                "egress_only_gateway_id": "",
                "gateway_id": "",
                "ipv6_cidr_block": "",
                "local_gateway_id": "",
                "nat_gateway_id": "nat-09961cf46b5d4f697",
                "network_interface_id": "",
                "transit_gateway_id": "",
                "vpc_endpoint_id": "",
                "vpc_peering_connection_id": ""
              }
            ],
            "tags": {
              "Enviroment": "production",
              "Name": "nsse-production-vpc-private-route-table-1a",
              "Project": "nsse"
            },
            "tags_all": {
              "Enviroment": "production",
              "Name": "nsse-production-vpc-private-route-table-1a",
              "Project": "nsse"
            },
            "timeouts": null,
            "vpc_id": "vpc-01de5e6b0eb06c56a"
          },
          "sensitive_attributes": [],
          "private": "eyJlMmJmYjczMC1lY2FhLTExZTYtOGY4OC0zNDM2M2JjN2M0YzAiOnsiY3JlYXRlIjozMDAwMDAwMDAwMDAsImRlbGV0ZSI6MzAwMDAwMDAwMDAwLCJ1cGRhdGUiOjEyMDAwMDAwMDAwMH19",
          "dependencies": [
            "aws_eip.nat_gateway_1a",
            "aws_nat_gateway.us_east_1a",
            "aws_subnet.publics",
            "aws_vpc.this"
          ]
        }
      ]
    },
    {
      "mode": "managed",
      "type": "aws_route_table",
      "name": "private_1b",
      "provider": "provider[\"registry.terraform.io/hashicorp/aws\"]",
      "instances": [
        {
          "schema_version": 0,
          "attributes": {
            "arn": "arn:aws:ec2:us-east-1:353203138858:route-table/rtb-03eb10382596935e9",
            "id": "rtb-03eb10382596935e9",
            "owner_id": "353203138858",
            "propagating_vgws": [],
            "route": [
              {
                "carrier_gateway_id": "",
                "cidr_block": "0.0.0.0/0",
                "core_network_arn": "",
                "destination_prefix_list_id": "",
                "egress_only_gateway_id": "",
                "gateway_id": "",
                "ipv6_cidr_block": "",
                "local_gateway_id": "",
                "nat_gateway_id": "nat-02b0091d443fd7949",
                "network_interface_id": "",
                "transit_gateway_id": "",
                "vpc_endpoint_id": "",
                "vpc_peering_connection_id": ""
              }
            ],
            "tags": {
              "Enviroment": "production",
              "Name": "nsse-production-vpc-private-route-table-1b",
              "Project": "nsse"
            },
            "tags_all": {
              "Enviroment": "production",
              "Name": "nsse-production-vpc-private-route-table-1b",
              "Project": "nsse"
            },
            "timeouts": null,
            "vpc_id": "vpc-01de5e6b0eb06c56a"
          },
          "sensitive_attributes": [],
          "private": "eyJlMmJmYjczMC1lY2FhLTExZTYtOGY4OC0zNDM2M2JjN2M0YzAiOnsiY3JlYXRlIjozMDAwMDAwMDAwMDAsImRlbGV0ZSI6MzAwMDAwMDAwMDAwLCJ1cGRhdGUiOjEyMDAwMDAwMDAwMH19",
          "dependencies": [
            "aws_eip.nat_gateway_1b",
            "aws_nat_gateway.us_east_1b",
            "aws_subnet.publics",
            "aws_vpc.this"
          ]
        }
      ]
    },
    {
      "mode": "managed",
      "type": "aws_route_table",
      "name": "public",
      "provider": "provider[\"registry.terraform.io/hashicorp/aws\"]",
      "instances": [
        {
          "schema_version": 0,
          "attributes": {
            "arn": "arn:aws:ec2:us-east-1:353203138858:route-table/rtb-03bcef5745b653d97",
            "id": "rtb-03bcef5745b653d97",
            "owner_id": "353203138858",
            "propagating_vgws": [],
            "route": [
              {
                "carrier_gateway_id": "",
                "cidr_block": "0.0.0.0/0",
                "core_network_arn": "",
                "destination_prefix_list_id": "",
                "egress_only_gateway_id": "",
                "gateway_id": "igw-05d42367f11de4830",
                "ipv6_cidr_block": "",
                "local_gateway_id": "",
                "nat_gateway_id": "",
                "network_interface_id": "",
                "transit_gateway_id": "",
                "vpc_endpoint_id": "",
                "vpc_peering_connection_id": ""
              }
            ],
            "tags": {
              "Enviroment": "production",
              "Name": "nsse-production-vpc-public-route-table",
              "Project": "nsse"
            },
            "tags_all": {
              "Enviroment": "production",
              "Name": "nsse-production-vpc-public-route-table",
              "Project": "nsse"
            },
            "timeouts": null,
            "vpc_id": "vpc-01de5e6b0eb06c56a"
          },
          "sensitive_attributes": [],
          "private": "eyJlMmJmYjczMC1lY2FhLTExZTYtOGY4OC0zNDM2M2JjN2M0YzAiOnsiY3JlYXRlIjozMDAwMDAwMDAwMDAsImRlbGV0ZSI6MzAwMDAwMDAwMDAwLCJ1cGRhdGUiOjEyMDAwMDAwMDAwMH19",
          "dependencies": [
            "aws_internet_gateway.nsse_production_vpc_internet_gateway",
            "aws_vpc.this"
          ]
        }
      ]
    },
    {
      "mode": "managed",
      "type": "aws_route_table_association",
      "name": "private_association_1b",
      "provider": "provider[\"registry.terraform.io/hashicorp/aws\"]",
      "instances": [
        {
          "index_key": 0,
          "schema_version": 0,
          "attributes": {
            "gateway_id": "",
            "id": "rtbassoc-07e8487c5e8c5e77c",
            "route_table_id": "rtb-03eb10382596935e9",
            "subnet_id": "subnet-0ca50792b6760862e",
            "timeouts": null
          },
          "sensitive_attributes": [],
          "private": "eyJlMmJmYjczMC1lY2FhLTExZTYtOGY4OC0zNDM2M2JjN2M0YzAiOnsiY3JlYXRlIjozMDAwMDAwMDAwMDAsImRlbGV0ZSI6MzAwMDAwMDAwMDAwLCJ1cGRhdGUiOjEyMDAwMDAwMDAwMH19",
          "dependencies": [
            "aws_eip.nat_gateway_1b",
            "aws_nat_gateway.us_east_1b",
            "aws_route_table.private_1b",
            "aws_subnet.privates",
            "aws_subnet.publics",
            "aws_vpc.this"
          ]
        }
      ]
    },
    {
      "mode": "managed",
      "type": "aws_route_table_association",
      "name": "private_associations_1a",
      "provider": "provider[\"registry.terraform.io/hashicorp/aws\"]",
      "instances": [
        {
          "index_key": 0,
          "schema_version": 0,
          "attributes": {
            "gateway_id": "",
            "id": "rtbassoc-0ea723e5756e58467",
            "route_table_id": "rtb-09b8ca95755e0187d",
            "subnet_id": "subnet-070d802de06b936a8",
            "timeouts": null
          },
          "sensitive_attributes": [],
          "private": "eyJlMmJmYjczMC1lY2FhLTExZTYtOGY4OC0zNDM2M2JjN2M0YzAiOnsiY3JlYXRlIjozMDAwMDAwMDAwMDAsImRlbGV0ZSI6MzAwMDAwMDAwMDAwLCJ1cGRhdGUiOjEyMDAwMDAwMDAwMH19",
          "dependencies": [
            "aws_eip.nat_gateway_1a",
            "aws_nat_gateway.us_east_1a",
            "aws_route_table.private_1a",
            "aws_subnet.privates",
            "aws_subnet.publics",
            "aws_vpc.this"
          ]
        }
      ]
    },
    {
      "mode": "managed",
      "type": "aws_route_table_association",
      "name": "public_associations",
      "provider": "provider[\"registry.terraform.io/hashicorp/aws\"]",
      "instances": [
        {
          "index_key": 0,
          "schema_version": 0,
          "attributes": {
            "gateway_id": "",
            "id": "rtbassoc-05eca12b85d041d90",
            "route_table_id": "rtb-03bcef5745b653d97",
            "subnet_id": "subnet-0349ca9ae3aa66b3f",
            "timeouts": null
          },
          "sensitive_attributes": [],
          "private": "eyJlMmJmYjczMC1lY2FhLTExZTYtOGY4OC0zNDM2M2JjN2M0YzAiOnsiY3JlYXRlIjozMDAwMDAwMDAwMDAsImRlbGV0ZSI6MzAwMDAwMDAwMDAwLCJ1cGRhdGUiOjEyMDAwMDAwMDAwMH19",
          "dependencies": [
            "aws_internet_gateway.nsse_production_vpc_internet_gateway",
            "aws_route_table.public",
            "aws_subnet.publics",
            "aws_vpc.this"
          ]
        },
        {
          "index_key": 1,
          "schema_version": 0,
          "attributes": {
            "gateway_id": "",
            "id": "rtbassoc-062db933750f0a4c6",
            "route_table_id": "rtb-03bcef5745b653d97",
            "subnet_id": "subnet-00ddf2afba91c420c",
            "timeouts": null
          },
          "sensitive_attributes": [],
          "private": "eyJlMmJmYjczMC1lY2FhLTExZTYtOGY4OC0zNDM2M2JjN2M0YzAiOnsiY3JlYXRlIjozMDAwMDAwMDAwMDAsImRlbGV0ZSI6MzAwMDAwMDAwMDAwLCJ1cGRhdGUiOjEyMDAwMDAwMDAwMH19",
          "dependencies": [
            "aws_internet_gateway.nsse_production_vpc_internet_gateway",
            "aws_route_table.public",
            "aws_subnet.publics",
            "aws_vpc.this"
          ]
        }
      ]
    },
    {
      "mode": "managed",
      "type": "aws_subnet",
      "name": "privates",
      "provider": "provider[\"registry.terraform.io/hashicorp/aws\"]",
      "instances": [
        {
          "index_key": 0,
          "schema_version": 1,
          "attributes": {
            "arn": "arn:aws:ec2:us-east-1:353203138858:subnet/subnet-070d802de06b936a8",
            "assign_ipv6_address_on_creation": false,
            "availability_zone": "us-east-1a",
            "availability_zone_id": "use1-az6",
            "cidr_block": "10.0.0.32/27",
            "customer_owned_ipv4_pool": "",
            "enable_dns64": false,
            "enable_lni_at_device_index": 0,
            "enable_resource_name_dns_a_record_on_launch": false,
            "enable_resource_name_dns_aaaa_record_on_launch": false,
            "id": "subnet-070d802de06b936a8",
            "ipv6_cidr_block": "",
            "ipv6_cidr_block_association_id": "",
            "ipv6_native": false,
            "map_customer_owned_ip_on_launch": false,
            "map_public_ip_on_launch": false,
            "outpost_arn": "",
            "owner_id": "353203138858",
            "private_dns_hostname_type_on_launch": "ip-name",
            "tags": {
              "Enviroment": "production",
              "Name": "nsse-production-vpc-private-subnet-1a",
              "Project": "nsse"
            },
            "tags_all": {
              "Enviroment": "production",
              "Name": "nsse-production-vpc-private-subnet-1a",
              "Project": "nsse"
            },
            "timeouts": null,
            "vpc_id": "vpc-01de5e6b0eb06c56a"
          },
          "sensitive_attributes": [],
          "private": "eyJlMmJmYjczMC1lY2FhLTExZTYtOGY4OC0zNDM2M2JjN2M0YzAiOnsiY3JlYXRlIjo2MDAwMDAwMDAwMDAsImRlbGV0ZSI6MTIwMDAwMDAwMDAwMH0sInNjaGVtYV92ZXJzaW9uIjoiMSJ9",
          "dependencies": [
            "aws_vpc.this"
          ]
        },
        {
          "index_key": 1,
          "schema_version": 1,
          "attributes": {
            "arn": "arn:aws:ec2:us-east-1:353203138858:subnet/subnet-0ca50792b6760862e",
            "assign_ipv6_address_on_creation": false,
            "availability_zone": "us-east-1b",
            "availability_zone_id": "use1-az1",
            "cidr_block": "10.0.0.96/27",
            "customer_owned_ipv4_pool": "",
            "enable_dns64": false,
            "enable_lni_at_device_index": 0,
            "enable_resource_name_dns_a_record_on_launch": false,
            "enable_resource_name_dns_aaaa_record_on_launch": false,
            "id": "subnet-0ca50792b6760862e",
            "ipv6_cidr_block": "",
            "ipv6_cidr_block_association_id": "",
            "ipv6_native": false,
            "map_customer_owned_ip_on_launch": false,
            "map_public_ip_on_launch": false,
            "outpost_arn": "",
            "owner_id": "353203138858",
            "private_dns_hostname_type_on_launch": "ip-name",
            "tags": {
              "Enviroment": "production",
              "Name": "nsse-production-vpc-private-subnet-1b",
              "Project": "nsse"
            },
            "tags_all": {
              "Enviroment": "production",
              "Name": "nsse-production-vpc-private-subnet-1b",
              "Project": "nsse"
            },
            "timeouts": null,
            "vpc_id": "vpc-01de5e6b0eb06c56a"
          },
          "sensitive_attributes": [],
          "private": "eyJlMmJmYjczMC1lY2FhLTExZTYtOGY4OC0zNDM2M2JjN2M0YzAiOnsiY3JlYXRlIjo2MDAwMDAwMDAwMDAsImRlbGV0ZSI6MTIwMDAwMDAwMDAwMH0sInNjaGVtYV92ZXJzaW9uIjoiMSJ9",
          "dependencies": [
            "aws_vpc.this"
          ]
        }
      ]
    },
    {
      "mode": "managed",
      "type": "aws_subnet",
      "name": "publics",
      "provider": "provider[\"registry.terraform.io/hashicorp/aws\"]",
      "instances": [
        {
          "index_key": 0,
          "schema_version": 1,
          "attributes": {
            "arn": "arn:aws:ec2:us-east-1:353203138858:subnet/subnet-0349ca9ae3aa66b3f",
            "assign_ipv6_address_on_creation": false,
            "availability_zone": "us-east-1a",
            "availability_zone_id": "use1-az6",
            "cidr_block": "10.0.0.0/27",
            "customer_owned_ipv4_pool": "",
            "enable_dns64": false,
            "enable_lni_at_device_index": 0,
            "enable_resource_name_dns_a_record_on_launch": false,
            "enable_resource_name_dns_aaaa_record_on_launch": false,
            "id": "subnet-0349ca9ae3aa66b3f",
            "ipv6_cidr_block": "",
            "ipv6_cidr_block_association_id": "",
            "ipv6_native": false,
            "map_customer_owned_ip_on_launch": false,
            "map_public_ip_on_launch": true,
            "outpost_arn": "",
            "owner_id": "353203138858",
            "private_dns_hostname_type_on_launch": "ip-name",
            "tags": {
              "Enviroment": "production",
              "Name": "nsse-production-vpc-public-subnet-1a",
              "Project": "nsse"
            },
            "tags_all": {
              "Enviroment": "production",
              "Name": "nsse-production-vpc-public-subnet-1a",
              "Project": "nsse"
            },
            "timeouts": null,
            "vpc_id": "vpc-01de5e6b0eb06c56a"
          },
          "sensitive_attributes": [],
          "private": "eyJlMmJmYjczMC1lY2FhLTExZTYtOGY4OC0zNDM2M2JjN2M0YzAiOnsiY3JlYXRlIjo2MDAwMDAwMDAwMDAsImRlbGV0ZSI6MTIwMDAwMDAwMDAwMH0sInNjaGVtYV92ZXJzaW9uIjoiMSJ9",
          "dependencies": [
            "aws_vpc.this"
          ]
        },
        {
          "index_key": 1,
          "schema_version": 1,
          "attributes": {
            "arn": "arn:aws:ec2:us-east-1:353203138858:subnet/subnet-00ddf2afba91c420c",
            "assign_ipv6_address_on_creation": false,
            "availability_zone": "us-east-1b",
            "availability_zone_id": "use1-az1",
            "cidr_block": "10.0.0.64/27",
            "customer_owned_ipv4_pool": "",
            "enable_dns64": false,
            "enable_lni_at_device_index": 0,
            "enable_resource_name_dns_a_record_on_launch": false,
            "enable_resource_name_dns_aaaa_record_on_launch": false,
            "id": "subnet-00ddf2afba91c420c",
            "ipv6_cidr_block": "",
            "ipv6_cidr_block_association_id": "",
            "ipv6_native": false,
            "map_customer_owned_ip_on_launch": false,
            "map_public_ip_on_launch": true,
            "outpost_arn": "",
            "owner_id": "353203138858",
            "private_dns_hostname_type_on_launch": "ip-name",
            "tags": {
              "Enviroment": "production",
              "Name": "nsse-production-vpc-public-subnet-1b",
              "Project": "nsse"
            },
            "tags_all": {
              "Enviroment": "production",
              "Name": "nsse-production-vpc-public-subnet-1b",
              "Project": "nsse"
            },
            "timeouts": null,
            "vpc_id": "vpc-01de5e6b0eb06c56a"
          },
          "sensitive_attributes": [],
          "private": "eyJlMmJmYjczMC1lY2FhLTExZTYtOGY4OC0zNDM2M2JjN2M0YzAiOnsiY3JlYXRlIjo2MDAwMDAwMDAwMDAsImRlbGV0ZSI6MTIwMDAwMDAwMDAwMH0sInNjaGVtYV92ZXJzaW9uIjoiMSJ9",
          "dependencies": [
            "aws_vpc.this"
          ]
        }
      ]
    },
    {
      "mode": "managed",
      "type": "aws_vpc",
      "name": "this",
      "provider": "provider[\"registry.terraform.io/hashicorp/aws\"]",
      "instances": [
        {
          "schema_version": 1,
          "attributes": {
            "arn": "arn:aws:ec2:us-east-1:353203138858:vpc/vpc-01de5e6b0eb06c56a",
            "assign_generated_ipv6_cidr_block": false,
            "cidr_block": "10.0.0.0/24",
            "default_network_acl_id": "acl-01619e2c7d597185e",
            "default_route_table_id": "rtb-08be58bdf1a120a59",
            "default_security_group_id": "sg-00ae66d29975808b9",
            "dhcp_options_id": "dopt-0c031449fa4da841f",
            "enable_dns_hostnames": true,
            "enable_dns_support": true,
            "enable_network_address_usage_metrics": false,
            "id": "vpc-01de5e6b0eb06c56a",
            "instance_tenancy": "default",
            "ipv4_ipam_pool_id": null,
            "ipv4_netmask_length": null,
            "ipv6_association_id": "",
            "ipv6_cidr_block": "",
            "ipv6_cidr_block_network_border_group": "",
            "ipv6_ipam_pool_id": "",
            "ipv6_netmask_length": 0,
            "main_route_table_id": "rtb-08be58bdf1a120a59",
            "owner_id": "353203138858",
            "tags": {
              "Enviroment": "production",
              "Name": "nsse-production-vpc",
              "Project": "nsse"
            },
            "tags_all": {
              "Enviroment": "production",
              "Name": "nsse-production-vpc",
              "Project": "nsse"
            }
          },
          "sensitive_attributes": [],
          "private": "eyJzY2hlbWFfdmVyc2lvbiI6IjEifQ=="
        }
      ]
    }
  ],
  "check_results": null
}
