{
  "version": 4,
  "terraform_version": "1.9.7",
  "serial": 44,
  "lineage": "d5ccba65-40f5-a219-bb99-e1299f5313c8",
  "outputs": {
    "key_pair_private_key": {
      "value": "-----BEGIN RSA PRIVATE KEY-----\nMIIJKAIBAAKCAgEApBZPiJEbvaI7lJPFz00vATx2pL77U4spanlxHRYQdtY2e6Ri\nE7upFLK9XrrbHJfK/2bVuKkviEcdObP5lg+UGtQDnlikEfkk8Q5H4/Ag1bZeQUXX\nats2pfojtUqHcBHAzB207POtEBK+DKBHYlRE6bG5hZVaTzF00mR8eS0Ie5pBoqCz\nkPoG46gETPzYMBpI7cuongF9C9HDR64XQAcQeqIg06vZrBX8KHXJW184PVdTocLg\ncqXds4p/6SNuxr6o3EBjKhqz4qfLZLfSfjETUV3XTcTB/1IVGpEhvW3YhJRwbwF3\nDkER2eEQL7QxpXDTQGbBIhtA4zhizBl36isSfTVPVcgqFKIxtLnuNZLIxmNmELnc\nGFRbRtV6xwyDvBN2nwFgvs9tAhMGU2jErVTDYfezaE2wLXrLnxcXEBA6e6FHq8X9\n/mP96XAPVWz+LSNXPWVXAHFGyB73Brn7CvbfxYKfj0IVBt0dwX8MpWKyjTktfiOq\ncOR6UU/F8Q3wfsTc82Ir1EaIin4U5OOM4HFcKSt+CweWv/OGq8TIXzhUY1tWdMWF\nRnfv20/I6AJQGe1eNdh5/QiUtmfP34vU+vEI71Bw8UmiLDg/6jE7bEV+8FT8Do09\ndtHmi1Q3EAaBOZbkUHWwIl84pTn1x2nhAr0A7hITqu16KKoZT7g9AWSSBj0CAwEA\nAQKCAgAB0SQ6hGgH7qLcD2wKbBxGb+3czCdkGO9+Xm+wtty7nCQ7tHaVKY5PphA8\njmaJVGr3u6LhNrDJwKCjuDwqyIUtn0X8+/x96g7Z9nw4TqGADFMF3c9q8phFa6KQ\n/UBiFTULBy2VZ1HCxecoPgjpH1RcbBt8TbEtNreu8e4cH2U8WfLUT+HWvwk4sYfl\nD4wYGEQERUcnaY41BWXoRmOIHqvn8VSnIC+HkGTCHYlhw1YP/WzcWf6UEAWHWYcq\nEaDf5YUtwmH2ubErpAtq0/6qNA8dM9dQmD2q5WgWnh9ln0pDyZFnJ6wZH2i8GDOb\nYgW5g1xrfNfMC2MDQRp8kEmiJHqOnaOFjMll7iAkQpskXEt0FWkspoAi7PYPZZrh\nHPKcG7dYmIKMlVj/ViXDiML3M9dEPlaBldApEq8fW9lzfjy8aL3V+YSnMN8P++m4\nKd3r5qQQYmpJ1EFZJBteBKM0assQWXsOeEvweaWWejwy61Ghn7t0GFPFCD0E2zYQ\nWmgRMgh16M558cuV15ELPhisCnGC8puNhqaNstU1iC23OTKlksmyBAJDA0e4XAXQ\nBCcwDMok2fJclKlJMDbQxNRzJ5tS+Um2bWQdYbevDQw1aLPDq898AobXRlBID54H\nu7xC2epb5F4XMvbmta0Y/EZIzPPkRRQzm5GKWa/T7y6VUUyk9wKCAQEA0ZH1fshq\n/O6FGmsOqukDPoLKd2MIQpPXywixatlIomoTZVRP7xEfPYSLXPfoNathfYQNsoGh\nfhR8WZhtuaImPQ2Wrz3KAK093DJEC2dfpzFSr9KOySM+bRiidbL9ttnEkbL66zd1\nFwDj82731rH11z4oILrnQHYF4SHUkUs6xFyzWJPPQb/2drrTs13g1rIfgG3lea03\n+nue0rYt5aiUQlyol6rA77Rovbpsnzn8JMlpmGI4u8c8VTzpAosHsSHJQ5GRNUSO\nQE9cdzPWzUYGthSgC/tYq+0Ddktua3TkjQXV813kADCLzHIUdEd49AoB2IStsv2f\noY+ExzfDiuhz4wKCAQEAyHC5iF4zG98KrAjcY6dT7jluzQr0zT4DG5AiLinHUcZp\ncT4avlv/W09OuNSCGB61uaothCpjnYqjHtqMk67t5hkp9BB9gc9vBFK4+9KAYl+e\nsiz6emS60LJ/x9GTH9KpXqGZeI0UMfclgDrimJ0GzEP9TGS0W4GHANGhWQts0Qjc\nN5lgmx7Z0npFaw33fDPLeCjB99qpmI9QU+AZgbR2OXDjmeCm7IvdDfTtn7COCmiw\nI3GkHrVUkuhof3m4P2qhVi51mMcsXhOhHhZhQcPgEdmPlxONdgg28YmCkxzqsFWR\nkgZ7YTf6dpPwj8SMfPtuH1u8ygtBqOl0Xrk4q7X3XwKCAQEAzGi0bkQn7qrrktgH\nR3bdnjROLWKf5Oh1W+kPu+tRqHEUmApDqSgnM4a7tCNuECMohRevkIRWMzbiDzXZ\nGG5rI7PEXQtEo6JWqxcwPXtH1jkKsMoMUW2Z7ylPFMRQKfCAhahwi8rc32IT9RYw\nkO2ln5tV4o7LDpnPpEauIkWhfXP5zpTlW/lT+XzDDrmrm13D0i3e3O6yohO/10Cw\nxcfHTG86VizL4UIzw5M5bZlOMcduwp5TPfzYAT/W+o8HIqOUvt4WJ0HGCj4eL3qV\nskTyONknPmiblZ4peVGb0x4B6vddNvJGeFThlrlS8BPiiw3TvQ+0qNguwpPM68+d\nYDjZBwKCAQA812KpzxYqbqB5qdLj+OWUGSDV4m5+YkVlN3H4mzviSZy2AAj0IU64\ns7EMj4zRr3iv28UnKgrExlFPSz2CkoWp45eFev/tyD5FjKqT3ciUk7vDD74UKsE+\nGgCJccb70OESVXEVU5V+uStL6hPgCUIH/NdFOgg5Am8tQ3R7Z+lm5g6aXdciHtI1\nfmHV5g5qR/qKBa0jA9+Y7F+QpiR354Q/WVHs4nEouiemVeNPJrNm23IjwBn2LEp4\nsU0O7K6NqVtBoqaVcle4UrMEQ/zPjppUMLrSO+AjpMiwtnHJH+zpC4A9V/RZhTlk\nhvFtYlbWlSdPI3SBy7rpf7uQCR73mCt3AoIBAHqN6vD9e4bABucZp15abOr0c2aO\nwgRr4A+Zk26BTBN1OkODf2cbE/3zeEX/SawWVh99KG7i5Lx42C0eSzjKLqvDUFFB\nuf58sv/qCKwoh9SedyPV7DAn4vjGOOVcD6etHAswC+2YEgAom+IPiiRhxeA5QV+g\noX+3uUzFpXNcjOTPVNRe8h1zjmKrqgkYOWUEqsnwPvYCnb28eP92oBXcxoOtZJrb\nIacVYz5YWCwupeFbQjBu/sn6ZxiqeJDycVb26GVOIe75aoWRvEv+MHf/udtKQSZG\n9J63uclSum0fDxrkfT+MTeQ9fHmEj+iaW4EL7MM8dciD5RsbmNmOW41qsxI=\n-----END RSA PRIVATE KEY-----\n",
      "type": "string",
      "sensitive": true
    }
  },
  "resources": [
    {
      "mode": "data",
      "type": "aws_ami",
      "name": "this",
      "provider": "provider[\"registry.terraform.io/hashicorp/aws\"]",
      "instances": [
        {
          "schema_version": 0,
          "attributes": {
            "architecture": "x86_64",
            "arn": "arn:aws:ec2:us-east-1::image/ami-0eaf470708fc859d6",
            "block_device_mappings": [
              {
                "device_name": "/dev/xvda",
                "ebs": {
                  "delete_on_termination": "true",
                  "encrypted": "false",
                  "iops": "3000",
                  "snapshot_id": "snap-09ccf7316d55cbc27",
                  "throughput": "125",
                  "volume_initialization_rate": "0",
                  "volume_size": "8",
                  "volume_type": "gp3"
                },
                "no_device": "",
                "virtual_name": ""
              }
            ],
            "boot_mode": "",
            "creation_date": "2025-08-11T13:50:58.000Z",
            "deprecation_time": "2027-08-11T13:50:58.000Z",
            "description": "Debian 13 (20250811-2201)",
            "ena_support": true,
            "executable_users": null,
            "filter": [
              {
                "name": "architecture",
                "values": [
                  "x86_64"
                ]
              },
              {
                "name": "name",
                "values": [
                  "debian-*"
                ]
              },
              {
                "name": "root-device-type",
                "values": [
                  "ebs"
                ]
              },
              {
                "name": "virtualization-type",
                "values": [
                  "hvm"
                ]
              }
            ],
            "hypervisor": "xen",
            "id": "ami-0eaf470708fc859d6",
            "image_id": "ami-0eaf470708fc859d6",
            "image_location": "amazon/debian-13-amd64-20250811-2201",
            "image_owner_alias": "amazon",
            "image_type": "machine",
            "imds_support": "",
            "include_deprecated": false,
            "kernel_id": "",
            "last_launched_time": "",
            "most_recent": true,
            "name": "debian-13-amd64-20250811-2201",
            "name_regex": null,
            "owner_id": "136693071363",
            "owners": [
              "136693071363"
            ],
            "platform": "",
            "platform_details": "Linux/UNIX",
            "product_codes": [],
            "public": true,
            "ramdisk_id": "",
            "root_device_name": "/dev/xvda",
            "root_device_type": "ebs",
            "root_snapshot_id": "snap-09ccf7316d55cbc27",
            "sriov_net_support": "simple",
            "state": "available",
            "state_reason": {
              "code": "UNSET",
              "message": "UNSET"
            },
            "tags": {},
            "timeouts": null,
            "tpm_support": "",
            "uefi_data": null,
            "usage_operation": "RunInstances",
            "virtualization_type": "hvm"
          },
          "sensitive_attributes": []
        }
      ]
    },
    {
      "mode": "data",
      "type": "aws_iam_policy_document",
      "name": "assume_role",
      "provider": "provider[\"registry.terraform.io/hashicorp/aws\"]",
      "instances": [
        {
          "schema_version": 0,
          "attributes": {
            "id": "2851119427",
            "json": "{\n  \"Version\": \"2012-10-17\",\n  \"Statement\": [\n    {\n      \"Effect\": \"Allow\",\n      \"Action\": \"sts:AssumeRole\",\n      \"Principal\": {\n        \"Service\": \"ec2.amazonaws.com\"\n      }\n    }\n  ]\n}",
            "minified_json": "{\"Version\":\"2012-10-17\",\"Statement\":[{\"Effect\":\"Allow\",\"Action\":\"sts:AssumeRole\",\"Principal\":{\"Service\":\"ec2.amazonaws.com\"}}]}",
            "override_json": null,
            "override_policy_documents": null,
            "policy_id": null,
            "source_json": null,
            "source_policy_documents": null,
            "statement": [
              {
                "actions": [
                  "sts:AssumeRole"
                ],
                "condition": [],
                "effect": "Allow",
                "not_actions": [],
                "not_principals": [],
                "not_resources": [],
                "principals": [
                  {
                    "identifiers": [
                      "ec2.amazonaws.com"
                    ],
                    "type": "Service"
                  }
                ],
                "resources": [],
                "sid": ""
              }
            ],
            "version": "2012-10-17"
          },
          "sensitive_attributes": []
        }
      ]
    },
    {
      "mode": "data",
      "type": "aws_subnets",
      "name": "private_subnets",
      "provider": "provider[\"registry.terraform.io/hashicorp/aws\"]",
      "instances": [
        {
          "schema_version": 0,
          "attributes": {
            "filter": [
              {
                "name": "map-public-ip-on-launch",
                "values": [
                  "false"
                ]
              },
              {
                "name": "vpc-id",
                "values": [
                  "vpc-01de5e6b0eb06c56a"
                ]
              }
            ],
            "id": "us-east-1",
            "ids": [
              "subnet-070d802de06b936a8",
              "subnet-0ca50792b6760862e"
            ],
            "tags": null,
            "timeouts": null
          },
          "sensitive_attributes": []
        }
      ]
    },
    {
      "mode": "data",
      "type": "aws_vpc",
      "name": "this",
      "provider": "provider[\"registry.terraform.io/hashicorp/aws\"]",
      "instances": [
        {
          "schema_version": 0,
          "attributes": {
            "arn": "arn:aws:ec2:us-east-1:353203138858:vpc/vpc-01de5e6b0eb06c56a",
            "cidr_block": "10.0.0.0/24",
            "cidr_block_associations": [
              {
                "association_id": "vpc-cidr-assoc-02fd2b0ae713a13d7",
                "cidr_block": "10.0.0.0/24",
                "state": "associated"
              }
            ],
            "default": false,
            "dhcp_options_id": "dopt-0c031449fa4da841f",
            "enable_dns_hostnames": true,
            "enable_dns_support": true,
            "enable_network_address_usage_metrics": false,
            "filter": [
              {
                "name": "tag:Name",
                "values": [
                  "nsse-production-vpc"
                ]
              }
            ],
            "id": "vpc-01de5e6b0eb06c56a",
            "instance_tenancy": "default",
            "ipv6_association_id": "",
            "ipv6_cidr_block": "",
            "main_route_table_id": "rtb-08be58bdf1a120a59",
            "owner_id": "353203138858",
            "state": null,
            "tags": {
              "Enviroment": "production",
              "Name": "nsse-production-vpc",
              "Project": "nsse"
            },
            "timeouts": null
          },
          "sensitive_attributes": []
        }
      ]
    },
    {
      "mode": "managed",
      "type": "aws_iam_instance_profile",
      "name": "instance_profile",
      "provider": "provider[\"registry.terraform.io/hashicorp/aws\"]",
      "instances": [
        {
          "schema_version": 0,
          "attributes": {
            "arn": "arn:aws:iam::353203138858:instance-profile/var.ec2_resources.instance_profile",
            "create_date": "2025-07-19T14:20:18Z",
            "id": "var.ec2_resources.instance_profile",
            "name": "var.ec2_resources.instance_profile",
            "name_prefix": "",
            "path": "/",
            "role": "var.ec2_resources.instance_role",
            "tags": {},
            "tags_all": {},
            "unique_id": "AIPAVEPEMGEVJVRT52U6B"
          },
          "sensitive_attributes": [],
          "private": "bnVsbA==",
          "dependencies": [
            "aws_iam_role.instance_role",
            "data.aws_iam_policy_document.assume_role"
          ]
        }
      ]
    },
    {
      "mode": "managed",
      "type": "aws_iam_role",
      "name": "instance_role",
      "provider": "provider[\"registry.terraform.io/hashicorp/aws\"]",
      "instances": [
        {
          "schema_version": 0,
          "attributes": {
            "arn": "arn:aws:iam::353203138858:role/var.ec2_resources.instance_role",
            "assume_role_policy": "{\"Statement\":[{\"Action\":\"sts:AssumeRole\",\"Effect\":\"Allow\",\"Principal\":{\"Service\":\"ec2.amazonaws.com\"}}],\"Version\":\"2012-10-17\"}",
            "create_date": "2025-07-19T14:20:17Z",
            "description": "",
            "force_detach_policies": false,
            "id": "var.ec2_resources.instance_role",
            "inline_policy": [],
            "managed_policy_arns": [],
            "max_session_duration": 3600,
            "name": "var.ec2_resources.instance_role",
            "name_prefix": "",
            "path": "/",
            "permissions_boundary": "",
            "tags": {},
            "tags_all": {},
            "unique_id": "AROAVEPEMGEVEFUZDNN2B"
          },
          "sensitive_attributes": [],
          "private": "bnVsbA==",
          "dependencies": [
            "data.aws_iam_policy_document.assume_role"
          ]
        }
      ]
    },
    {
      "mode": "managed",
      "type": "aws_key_pair",
      "name": "this",
      "provider": "provider[\"registry.terraform.io/hashicorp/aws\"]",
      "instances": [
        {
          "schema_version": 1,
          "attributes": {
            "arn": "arn:aws:ec2:us-east-1:353203138858:key-pair/nsse-produciton-key-pair",
            "fingerprint": "28:40:d0:10:c8:a0:1b:19:d4:7b:9e:6e:96:0b:d1:11",
            "id": "nsse-produciton-key-pair",
            "key_name": "nsse-produciton-key-pair",
            "key_name_prefix": "",
            "key_pair_id": "key-049e93227a483ba1f",
            "key_type": "rsa",
            "public_key": "ssh-rsa AAAAB3NzaC1yc2EAAAADAQABAAACAQCkFk+IkRu9ojuUk8XPTS8BPHakvvtTiylqeXEdFhB21jZ7pGITu6kUsr1eutscl8r/ZtW4qS+IRx05s/mWD5Qa1AOeWKQR+STxDkfj8CDVtl5BRddq2zal+iO1SodwEcDMHbTs860QEr4MoEdiVETpsbmFlVpPMXTSZHx5LQh7mkGioLOQ+gbjqARM/NgwGkjty6ieAX0L0cNHrhdABxB6oiDTq9msFfwodclbXzg9V1OhwuBypd2zin/pI27GvqjcQGMqGrPip8tkt9J+MRNRXddNxMH/UhUakSG9bdiElHBvAXcOQRHZ4RAvtDGlcNNAZsEiG0DjOGLMGXfqKxJ9NU9VyCoUojG0ue41ksjGY2YQudwYVFtG1XrHDIO8E3afAWC+z20CEwZTaMStVMNh97NoTbAtesufFxcQEDp7oUerxf3+Y/3pcA9VbP4tI1c9ZVcAcUbIHvcGufsK9t/Fgp+PQhUG3R3BfwylYrKNOS1+I6pw5HpRT8XxDfB+xNzzYivURoiKfhTk44zgcVwpK34LB5a/84arxMhfOFRjW1Z0xYVGd+/bT8joAlAZ7V412Hn9CJS2Z8/fi9T68QjvUHDxSaIsOD/qMTtsRX7wVPwOjT120eaLVDcQBoE5luRQdbAiXzilOfXHaeECvQDuEhOq7XooqhlPuD0BZJIGPQ==",
            "tags": {
              "Enviroment": "production",
              "Name": "nsse-produciton-key-pair",
              "Project": "nsse"
            },
            "tags_all": {
              "Enviroment": "production",
              "Name": "nsse-produciton-key-pair",
              "Project": "nsse"
            }
          },
          "sensitive_attributes": [],
          "private": "eyJzY2hlbWFfdmVyc2lvbiI6IjEifQ==",
          "dependencies": [
            "tls_private_key.this"
          ]
        }
      ]
    },
    {
      "mode": "managed",
      "type": "aws_security_group",
      "name": "allow_ssh",
      "provider": "provider[\"registry.terraform.io/hashicorp/aws\"]",
      "instances": [
        {
          "schema_version": 1,
          "attributes": {
            "arn": "arn:aws:ec2:us-east-1:353203138858:security-group/sg-072585f2f3a065139",
            "description": "Allow SSH inbound traffic and all outbound traffic",
            "egress": [
              {
                "cidr_blocks": [
                  "0.0.0.0/0"
                ],
                "description": "",
                "from_port": 0,
                "ipv6_cidr_blocks": [],
                "prefix_list_ids": [],
                "protocol": "-1",
                "security_groups": [],
                "self": false,
                "to_port": 0
              }
            ],
            "id": "sg-072585f2f3a065139",
            "ingress": [
              {
                "cidr_blocks": [
                  "177.37.155.67/32"
                ],
                "description": "",
                "from_port": 22,
                "ipv6_cidr_blocks": [],
                "prefix_list_ids": [],
                "protocol": "tcp",
                "security_groups": [],
                "self": false,
                "to_port": 22
              }
            ],
            "name": "allow-ssh",
            "name_prefix": "",
            "owner_id": "353203138858",
            "revoke_rules_on_delete": false,
            "tags": {
              "Enviroment": "production",
              "Name": "allow-ssh",
              "Project": "nsse"
            },
            "tags_all": {
              "Enviroment": "production",
              "Name": "allow-ssh",
              "Project": "nsse"
            },
            "timeouts": null,
            "vpc_id": "vpc-01de5e6b0eb06c56a"
          },
          "sensitive_attributes": [],
          "private": "eyJlMmJmYjczMC1lY2FhLTExZTYtOGY4OC0zNDM2M2JjN2M0YzAiOnsiY3JlYXRlIjo2MDAwMDAwMDAwMDAsImRlbGV0ZSI6OTAwMDAwMDAwMDAwfSwic2NoZW1hX3ZlcnNpb24iOiIxIn0=",
          "dependencies": [
            "data.aws_vpc.this"
          ]
        }
      ]
    },
    {
      "mode": "managed",
      "type": "tls_private_key",
      "name": "this",
      "provider": "provider[\"registry.terraform.io/hashicorp/tls\"]",
      "instances": [
        {
          "schema_version": 1,
          "attributes": {
            "algorithm": "RSA",
            "ecdsa_curve": "P224",
            "id": "88af1bd30c93c3c31cca05a4c24618cc6d09f3d2",
            "private_key_openssh": "-----BEGIN OPENSSH PRIVATE KEY-----\nb3BlbnNzaC1rZXktdjEAAAAABG5vbmUAAAAEbm9uZQAAAAAAAAABAAACFwAAAAdz\nc2gtcnNhAAAAAwEAAQAAAgEApBZPiJEbvaI7lJPFz00vATx2pL77U4spanlxHRYQ\ndtY2e6RiE7upFLK9XrrbHJfK/2bVuKkviEcdObP5lg+UGtQDnlikEfkk8Q5H4/Ag\n1bZeQUXXats2pfojtUqHcBHAzB207POtEBK+DKBHYlRE6bG5hZVaTzF00mR8eS0I\ne5pBoqCzkPoG46gETPzYMBpI7cuongF9C9HDR64XQAcQeqIg06vZrBX8KHXJW184\nPVdTocLgcqXds4p/6SNuxr6o3EBjKhqz4qfLZLfSfjETUV3XTcTB/1IVGpEhvW3Y\nhJRwbwF3DkER2eEQL7QxpXDTQGbBIhtA4zhizBl36isSfTVPVcgqFKIxtLnuNZLI\nxmNmELncGFRbRtV6xwyDvBN2nwFgvs9tAhMGU2jErVTDYfezaE2wLXrLnxcXEBA6\ne6FHq8X9/mP96XAPVWz+LSNXPWVXAHFGyB73Brn7CvbfxYKfj0IVBt0dwX8MpWKy\njTktfiOqcOR6UU/F8Q3wfsTc82Ir1EaIin4U5OOM4HFcKSt+CweWv/OGq8TIXzhU\nY1tWdMWFRnfv20/I6AJQGe1eNdh5/QiUtmfP34vU+vEI71Bw8UmiLDg/6jE7bEV+\n8FT8Do09dtHmi1Q3EAaBOZbkUHWwIl84pTn1x2nhAr0A7hITqu16KKoZT7g9AWSS\nBj0AAAc4Q1OmV0NTplcAAAAHc3NoLXJzYQAAAgEApBZPiJEbvaI7lJPFz00vATx2\npL77U4spanlxHRYQdtY2e6RiE7upFLK9XrrbHJfK/2bVuKkviEcdObP5lg+UGtQD\nnlikEfkk8Q5H4/Ag1bZeQUXXats2pfojtUqHcBHAzB207POtEBK+DKBHYlRE6bG5\nhZVaTzF00mR8eS0Ie5pBoqCzkPoG46gETPzYMBpI7cuongF9C9HDR64XQAcQeqIg\n06vZrBX8KHXJW184PVdTocLgcqXds4p/6SNuxr6o3EBjKhqz4qfLZLfSfjETUV3X\nTcTB/1IVGpEhvW3YhJRwbwF3DkER2eEQL7QxpXDTQGbBIhtA4zhizBl36isSfTVP\nVcgqFKIxtLnuNZLIxmNmELncGFRbRtV6xwyDvBN2nwFgvs9tAhMGU2jErVTDYfez\naE2wLXrLnxcXEBA6e6FHq8X9/mP96XAPVWz+LSNXPWVXAHFGyB73Brn7CvbfxYKf\nj0IVBt0dwX8MpWKyjTktfiOqcOR6UU/F8Q3wfsTc82Ir1EaIin4U5OOM4HFcKSt+\nCweWv/OGq8TIXzhUY1tWdMWFRnfv20/I6AJQGe1eNdh5/QiUtmfP34vU+vEI71Bw\n8UmiLDg/6jE7bEV+8FT8Do09dtHmi1Q3EAaBOZbkUHWwIl84pTn1x2nhAr0A7hIT\nqu16KKoZT7g9AWSSBj0AAAADAQABAAACAAHRJDqEaAfuotwPbApsHEZv7dzMJ2QY\n735eb7C23LucJDu0dpUpjk+mEDyOZolUave7ouE2sMnAoKO4PCrIhS2fRfz7/H3q\nDtn2fDhOoYAMUwXdz2rymEVropD9QGIVNQsHLZVnUcLF5yg+COkfVFxsG3xNsS02\nt67x7hwfZTxZ8tRP4da/CTixh+UPjBgYRARFRydpjjUFZehGY4geq+fxVKcgL4eQ\nZMIdiWHDVg/9bNxZ/pQQBYdZhyoRoN/lhS3CYfa5sSukC2rT/qo0Dx0z11CYParl\naBaeH2WfSkPJkWcnrBkfaLwYM5tiBbmDXGt818wLYwNBGnyQSaIkeo6do4WMyWXu\nICRCmyRcS3QVaSymgCLs9g9lmuEc8pwbt1iYgoyVWP9WJcOIwvcz10Q+VoGV0CkS\nrx9b2XN+PLxovdX5hKcw3w/76bgp3evmpBBiaknUQVkkG14EozRqyxBZew54S/B5\npZZ6PDLrUaGfu3QYU8UIPQTbNhBaaBEyCHXoznnxy5XXkQs+GKwKcYLym42Gpo2y\n1TWILbc5MqWSybIEAkMDR7hcBdAEJzAMyiTZ8lyUqUkwNtDE1HMnm1L5SbZtZB1h\nt68NDDVos8Orz3wChtdGUEgPnge7vELZ6lvkXhcy9ua1rRj8RkjM8+RFFDObkYpZ\nr9PvLpVRTKT3AAABAHqN6vD9e4bABucZp15abOr0c2aOwgRr4A+Zk26BTBN1OkOD\nf2cbE/3zeEX/SawWVh99KG7i5Lx42C0eSzjKLqvDUFFBuf58sv/qCKwoh9SedyPV\n7DAn4vjGOOVcD6etHAswC+2YEgAom+IPiiRhxeA5QV+goX+3uUzFpXNcjOTPVNRe\n8h1zjmKrqgkYOWUEqsnwPvYCnb28eP92oBXcxoOtZJrbIacVYz5YWCwupeFbQjBu\n/sn6ZxiqeJDycVb26GVOIe75aoWRvEv+MHf/udtKQSZG9J63uclSum0fDxrkfT+M\nTeQ9fHmEj+iaW4EL7MM8dciD5RsbmNmOW41qsxIAAAEBANGR9X7IavzuhRprDqrp\nAz6CyndjCEKT18sIsWrZSKJqE2VUT+8RHz2Ei1z36DWrYX2EDbKBoX4UfFmYbbmi\nJj0Nlq89ygCtPdwyRAtnX6cxUq/SjskjPm0YonWy/bbZxJGy+us3dRcA4/Nu99ax\n9dc+KCC650B2BeEh1JFLOsRcs1iTz0G/9na607Nd4NayH4Bt5XmtN/p7ntK2LeWo\nlEJcqJeqwO+0aL26bJ85/CTJaZhiOLvHPFU86QKLB7EhyUORkTVEjkBPXHcz1s1G\nBrYUoAv7WKvtA3ZLbmt05I0F1fNd5AAwi8xyFHRHePQKAdiErbL9n6GPhMc3w4ro\nc+MAAAEBAMhwuYheMxvfCqwI3GOnU+45bs0K9M0+AxuQIi4px1HGaXE+Gr5b/1tP\nTrjUghgetbmqLYQqY52Kox7ajJOu7eYZKfQQfYHPbwRSuPvSgGJfnrIs+npkutCy\nf8fRkx/SqV6hmXiNFDH3JYA64pidBsxD/UxktFuBhwDRoVkLbNEI3DeZYJse2dJ6\nRWsN93wzy3gowffaqZiPUFPgGYG0djlw45ngpuyL3Q307Z+wjgposCNxpB61VJLo\naH95uD9qoVYudZjHLF4ToR4WYUHD4BHZj5cTjXYINvGJgpMc6rBVkZIGe2E3+naT\n8I/EjHz7bh9bvMoLQajpdF65OKu1918AAAAAAQID\n-----END OPENSSH PRIVATE KEY-----\n",
            "private_key_pem": "-----BEGIN RSA PRIVATE KEY-----\nMIIJKAIBAAKCAgEApBZPiJEbvaI7lJPFz00vATx2pL77U4spanlxHRYQdtY2e6Ri\nE7upFLK9XrrbHJfK/2bVuKkviEcdObP5lg+UGtQDnlikEfkk8Q5H4/Ag1bZeQUXX\nats2pfojtUqHcBHAzB207POtEBK+DKBHYlRE6bG5hZVaTzF00mR8eS0Ie5pBoqCz\nkPoG46gETPzYMBpI7cuongF9C9HDR64XQAcQeqIg06vZrBX8KHXJW184PVdTocLg\ncqXds4p/6SNuxr6o3EBjKhqz4qfLZLfSfjETUV3XTcTB/1IVGpEhvW3YhJRwbwF3\nDkER2eEQL7QxpXDTQGbBIhtA4zhizBl36isSfTVPVcgqFKIxtLnuNZLIxmNmELnc\nGFRbRtV6xwyDvBN2nwFgvs9tAhMGU2jErVTDYfezaE2wLXrLnxcXEBA6e6FHq8X9\n/mP96XAPVWz+LSNXPWVXAHFGyB73Brn7CvbfxYKfj0IVBt0dwX8MpWKyjTktfiOq\ncOR6UU/F8Q3wfsTc82Ir1EaIin4U5OOM4HFcKSt+CweWv/OGq8TIXzhUY1tWdMWF\nRnfv20/I6AJQGe1eNdh5/QiUtmfP34vU+vEI71Bw8UmiLDg/6jE7bEV+8FT8Do09\ndtHmi1Q3EAaBOZbkUHWwIl84pTn1x2nhAr0A7hITqu16KKoZT7g9AWSSBj0CAwEA\nAQKCAgAB0SQ6hGgH7qLcD2wKbBxGb+3czCdkGO9+Xm+wtty7nCQ7tHaVKY5PphA8\njmaJVGr3u6LhNrDJwKCjuDwqyIUtn0X8+/x96g7Z9nw4TqGADFMF3c9q8phFa6KQ\n/UBiFTULBy2VZ1HCxecoPgjpH1RcbBt8TbEtNreu8e4cH2U8WfLUT+HWvwk4sYfl\nD4wYGEQERUcnaY41BWXoRmOIHqvn8VSnIC+HkGTCHYlhw1YP/WzcWf6UEAWHWYcq\nEaDf5YUtwmH2ubErpAtq0/6qNA8dM9dQmD2q5WgWnh9ln0pDyZFnJ6wZH2i8GDOb\nYgW5g1xrfNfMC2MDQRp8kEmiJHqOnaOFjMll7iAkQpskXEt0FWkspoAi7PYPZZrh\nHPKcG7dYmIKMlVj/ViXDiML3M9dEPlaBldApEq8fW9lzfjy8aL3V+YSnMN8P++m4\nKd3r5qQQYmpJ1EFZJBteBKM0assQWXsOeEvweaWWejwy61Ghn7t0GFPFCD0E2zYQ\nWmgRMgh16M558cuV15ELPhisCnGC8puNhqaNstU1iC23OTKlksmyBAJDA0e4XAXQ\nBCcwDMok2fJclKlJMDbQxNRzJ5tS+Um2bWQdYbevDQw1aLPDq898AobXRlBID54H\nu7xC2epb5F4XMvbmta0Y/EZIzPPkRRQzm5GKWa/T7y6VUUyk9wKCAQEA0ZH1fshq\n/O6FGmsOqukDPoLKd2MIQpPXywixatlIomoTZVRP7xEfPYSLXPfoNathfYQNsoGh\nfhR8WZhtuaImPQ2Wrz3KAK093DJEC2dfpzFSr9KOySM+bRiidbL9ttnEkbL66zd1\nFwDj82731rH11z4oILrnQHYF4SHUkUs6xFyzWJPPQb/2drrTs13g1rIfgG3lea03\n+nue0rYt5aiUQlyol6rA77Rovbpsnzn8JMlpmGI4u8c8VTzpAosHsSHJQ5GRNUSO\nQE9cdzPWzUYGthSgC/tYq+0Ddktua3TkjQXV813kADCLzHIUdEd49AoB2IStsv2f\noY+ExzfDiuhz4wKCAQEAyHC5iF4zG98KrAjcY6dT7jluzQr0zT4DG5AiLinHUcZp\ncT4avlv/W09OuNSCGB61uaothCpjnYqjHtqMk67t5hkp9BB9gc9vBFK4+9KAYl+e\nsiz6emS60LJ/x9GTH9KpXqGZeI0UMfclgDrimJ0GzEP9TGS0W4GHANGhWQts0Qjc\nN5lgmx7Z0npFaw33fDPLeCjB99qpmI9QU+AZgbR2OXDjmeCm7IvdDfTtn7COCmiw\nI3GkHrVUkuhof3m4P2qhVi51mMcsXhOhHhZhQcPgEdmPlxONdgg28YmCkxzqsFWR\nkgZ7YTf6dpPwj8SMfPtuH1u8ygtBqOl0Xrk4q7X3XwKCAQEAzGi0bkQn7qrrktgH\nR3bdnjROLWKf5Oh1W+kPu+tRqHEUmApDqSgnM4a7tCNuECMohRevkIRWMzbiDzXZ\nGG5rI7PEXQtEo6JWqxcwPXtH1jkKsMoMUW2Z7ylPFMRQKfCAhahwi8rc32IT9RYw\nkO2ln5tV4o7LDpnPpEauIkWhfXP5zpTlW/lT+XzDDrmrm13D0i3e3O6yohO/10Cw\nxcfHTG86VizL4UIzw5M5bZlOMcduwp5TPfzYAT/W+o8HIqOUvt4WJ0HGCj4eL3qV\nskTyONknPmiblZ4peVGb0x4B6vddNvJGeFThlrlS8BPiiw3TvQ+0qNguwpPM68+d\nYDjZBwKCAQA812KpzxYqbqB5qdLj+OWUGSDV4m5+YkVlN3H4mzviSZy2AAj0IU64\ns7EMj4zRr3iv28UnKgrExlFPSz2CkoWp45eFev/tyD5FjKqT3ciUk7vDD74UKsE+\nGgCJccb70OESVXEVU5V+uStL6hPgCUIH/NdFOgg5Am8tQ3R7Z+lm5g6aXdciHtI1\nfmHV5g5qR/qKBa0jA9+Y7F+QpiR354Q/WVHs4nEouiemVeNPJrNm23IjwBn2LEp4\nsU0O7K6NqVtBoqaVcle4UrMEQ/zPjppUMLrSO+AjpMiwtnHJH+zpC4A9V/RZhTlk\nhvFtYlbWlSdPI3SBy7rpf7uQCR73mCt3AoIBAHqN6vD9e4bABucZp15abOr0c2aO\nwgRr4A+Zk26BTBN1OkODf2cbE/3zeEX/SawWVh99KG7i5Lx42C0eSzjKLqvDUFFB\nuf58sv/qCKwoh9SedyPV7DAn4vjGOOVcD6etHAswC+2YEgAom+IPiiRhxeA5QV+g\noX+3uUzFpXNcjOTPVNRe8h1zjmKrqgkYOWUEqsnwPvYCnb28eP92oBXcxoOtZJrb\nIacVYz5YWCwupeFbQjBu/sn6ZxiqeJDycVb26GVOIe75aoWRvEv+MHf/udtKQSZG\n9J63uclSum0fDxrkfT+MTeQ9fHmEj+iaW4EL7MM8dciD5RsbmNmOW41qsxI=\n-----END RSA PRIVATE KEY-----\n",
            "private_key_pem_pkcs8": "-----BEGIN PRIVATE KEY-----\nMIIJQgIBADANBgkqhkiG9w0BAQEFAASCCSwwggkoAgEAAoICAQCkFk+IkRu9ojuU\nk8XPTS8BPHakvvtTiylqeXEdFhB21jZ7pGITu6kUsr1eutscl8r/ZtW4qS+IRx05\ns/mWD5Qa1AOeWKQR+STxDkfj8CDVtl5BRddq2zal+iO1SodwEcDMHbTs860QEr4M\noEdiVETpsbmFlVpPMXTSZHx5LQh7mkGioLOQ+gbjqARM/NgwGkjty6ieAX0L0cNH\nrhdABxB6oiDTq9msFfwodclbXzg9V1OhwuBypd2zin/pI27GvqjcQGMqGrPip8tk\nt9J+MRNRXddNxMH/UhUakSG9bdiElHBvAXcOQRHZ4RAvtDGlcNNAZsEiG0DjOGLM\nGXfqKxJ9NU9VyCoUojG0ue41ksjGY2YQudwYVFtG1XrHDIO8E3afAWC+z20CEwZT\naMStVMNh97NoTbAtesufFxcQEDp7oUerxf3+Y/3pcA9VbP4tI1c9ZVcAcUbIHvcG\nufsK9t/Fgp+PQhUG3R3BfwylYrKNOS1+I6pw5HpRT8XxDfB+xNzzYivURoiKfhTk\n44zgcVwpK34LB5a/84arxMhfOFRjW1Z0xYVGd+/bT8joAlAZ7V412Hn9CJS2Z8/f\ni9T68QjvUHDxSaIsOD/qMTtsRX7wVPwOjT120eaLVDcQBoE5luRQdbAiXzilOfXH\naeECvQDuEhOq7XooqhlPuD0BZJIGPQIDAQABAoICAAHRJDqEaAfuotwPbApsHEZv\n7dzMJ2QY735eb7C23LucJDu0dpUpjk+mEDyOZolUave7ouE2sMnAoKO4PCrIhS2f\nRfz7/H3qDtn2fDhOoYAMUwXdz2rymEVropD9QGIVNQsHLZVnUcLF5yg+COkfVFxs\nG3xNsS02t67x7hwfZTxZ8tRP4da/CTixh+UPjBgYRARFRydpjjUFZehGY4geq+fx\nVKcgL4eQZMIdiWHDVg/9bNxZ/pQQBYdZhyoRoN/lhS3CYfa5sSukC2rT/qo0Dx0z\n11CYParlaBaeH2WfSkPJkWcnrBkfaLwYM5tiBbmDXGt818wLYwNBGnyQSaIkeo6d\no4WMyWXuICRCmyRcS3QVaSymgCLs9g9lmuEc8pwbt1iYgoyVWP9WJcOIwvcz10Q+\nVoGV0CkSrx9b2XN+PLxovdX5hKcw3w/76bgp3evmpBBiaknUQVkkG14EozRqyxBZ\new54S/B5pZZ6PDLrUaGfu3QYU8UIPQTbNhBaaBEyCHXoznnxy5XXkQs+GKwKcYLy\nm42Gpo2y1TWILbc5MqWSybIEAkMDR7hcBdAEJzAMyiTZ8lyUqUkwNtDE1HMnm1L5\nSbZtZB1ht68NDDVos8Orz3wChtdGUEgPnge7vELZ6lvkXhcy9ua1rRj8RkjM8+RF\nFDObkYpZr9PvLpVRTKT3AoIBAQDRkfV+yGr87oUaaw6q6QM+gsp3YwhCk9fLCLFq\n2UiiahNlVE/vER89hItc9+g1q2F9hA2ygaF+FHxZmG25oiY9DZavPcoArT3cMkQL\nZ1+nMVKv0o7JIz5tGKJ1sv222cSRsvrrN3UXAOPzbvfWsfXXPigguudAdgXhIdSR\nSzrEXLNYk89Bv/Z2utOzXeDWsh+AbeV5rTf6e57Sti3lqJRCXKiXqsDvtGi9umyf\nOfwkyWmYYji7xzxVPOkCiwexIclDkZE1RI5AT1x3M9bNRga2FKAL+1ir7QN2S25r\ndOSNBdXzXeQAMIvMchR0R3j0CgHYhK2y/Z+hj4THN8OK6HPjAoIBAQDIcLmIXjMb\n3wqsCNxjp1PuOW7NCvTNPgMbkCIuKcdRxmlxPhq+W/9bT0641IIYHrW5qi2EKmOd\niqMe2oyTru3mGSn0EH2Bz28EUrj70oBiX56yLPp6ZLrQsn/H0ZMf0qleoZl4jRQx\n9yWAOuKYnQbMQ/1MZLRbgYcA0aFZC2zRCNw3mWCbHtnSekVrDfd8M8t4KMH32qmY\nj1BT4BmBtHY5cOOZ4Kbsi90N9O2fsI4KaLAjcaQetVSS6Gh/ebg/aqFWLnWYxyxe\nE6EeFmFBw+AR2Y+XE412CDbxiYKTHOqwVZGSBnthN/p2k/CPxIx8+24fW7zKC0Go\n6XReuTirtfdfAoIBAQDMaLRuRCfuquuS2AdHdt2eNE4tYp/k6HVb6Q+761GocRSY\nCkOpKCczhru0I24QIyiFF6+QhFYzNuIPNdkYbmsjs8RdC0SjolarFzA9e0fWOQqw\nygxRbZnvKU8UxFAp8ICFqHCLytzfYhP1FjCQ7aWfm1XijssOmc+kRq4iRaF9c/nO\nlOVb+VP5fMMOuaubXcPSLd7c7rKiE7/XQLDFx8dMbzpWLMvhQjPDkzltmU4xx27C\nnlM9/NgBP9b6jwcio5S+3hYnQcYKPh4vepWyRPI42Sc+aJuVnil5UZvTHgHq9102\n8kZ4VOGWuVLwE+KLDdO9D7So2C7Ck8zrz51gONkHAoIBADzXYqnPFipuoHmp0uP4\n5ZQZINXibn5iRWU3cfibO+JJnLYACPQhTrizsQyPjNGveK/bxScqCsTGUU9LPYKS\nhanjl4V6/+3IPkWMqpPdyJSTu8MPvhQqwT4aAIlxxvvQ4RJVcRVTlX65K0vqE+AJ\nQgf810U6CDkCby1DdHtn6WbmDppd1yIe0jV+YdXmDmpH+ooFrSMD35jsX5CmJHfn\nhD9ZUezicSi6J6ZV408ms2bbciPAGfYsSnixTQ7sro2pW0GippVyV7hSswRD/M+O\nmlQwutI74COkyLC2cckf7OkLgD1X9FmFOWSG8W1iVtaVJ08jdIHLuul/u5AJHveY\nK3cCggEAeo3q8P17hsAG5xmnXlps6vRzZo7CBGvgD5mTboFME3U6Q4N/ZxsT/fN4\nRf9JrBZWH30obuLkvHjYLR5LOMouq8NQUUG5/nyy/+oIrCiH1J53I9XsMCfi+MY4\n5VwPp60cCzAL7ZgSACib4g+KJGHF4DlBX6Chf7e5TMWlc1yM5M9U1F7yHXOOYquq\nCRg5ZQSqyfA+9gKdvbx4/3agFdzGg61kmtshpxVjPlhYLC6l4VtCMG7+yfpnGKp4\nkPJxVvboZU4h7vlqhZG8S/4wd/+520pBJkb0nre5yVK6bR8PGuR9P4xN5D18eYSP\n6JpbgQvswzx1yIPlGxuY2Y5bjWqzEg==\n-----END PRIVATE KEY-----\n",
            "public_key_fingerprint_md5": "d0:ad:19:fd:15:1a:b2:d7:5f:3e:4c:7a:20:47:7b:93",
            "public_key_fingerprint_sha256": "SHA256:PcQa2vF2dyHRL4/TBIXFgBV6rXhqs/3HPD/uLvNRfFI",
            "public_key_openssh": "ssh-rsa AAAAB3NzaC1yc2EAAAADAQABAAACAQCkFk+IkRu9ojuUk8XPTS8BPHakvvtTiylqeXEdFhB21jZ7pGITu6kUsr1eutscl8r/ZtW4qS+IRx05s/mWD5Qa1AOeWKQR+STxDkfj8CDVtl5BRddq2zal+iO1SodwEcDMHbTs860QEr4MoEdiVETpsbmFlVpPMXTSZHx5LQh7mkGioLOQ+gbjqARM/NgwGkjty6ieAX0L0cNHrhdABxB6oiDTq9msFfwodclbXzg9V1OhwuBypd2zin/pI27GvqjcQGMqGrPip8tkt9J+MRNRXddNxMH/UhUakSG9bdiElHBvAXcOQRHZ4RAvtDGlcNNAZsEiG0DjOGLMGXfqKxJ9NU9VyCoUojG0ue41ksjGY2YQudwYVFtG1XrHDIO8E3afAWC+z20CEwZTaMStVMNh97NoTbAtesufFxcQEDp7oUerxf3+Y/3pcA9VbP4tI1c9ZVcAcUbIHvcGufsK9t/Fgp+PQhUG3R3BfwylYrKNOS1+I6pw5HpRT8XxDfB+xNzzYivURoiKfhTk44zgcVwpK34LB5a/84arxMhfOFRjW1Z0xYVGd+/bT8joAlAZ7V412Hn9CJS2Z8/fi9T68QjvUHDxSaIsOD/qMTtsRX7wVPwOjT120eaLVDcQBoE5luRQdbAiXzilOfXHaeECvQDuEhOq7XooqhlPuD0BZJIGPQ==\n",
            "public_key_pem": "-----BEGIN PUBLIC KEY-----\nMIICIjANBgkqhkiG9w0BAQEFAAOCAg8AMIICCgKCAgEApBZPiJEbvaI7lJPFz00v\nATx2pL77U4spanlxHRYQdtY2e6RiE7upFLK9XrrbHJfK/2bVuKkviEcdObP5lg+U\nGtQDnlikEfkk8Q5H4/Ag1bZeQUXXats2pfojtUqHcBHAzB207POtEBK+DKBHYlRE\n6bG5hZVaTzF00mR8eS0Ie5pBoqCzkPoG46gETPzYMBpI7cuongF9C9HDR64XQAcQ\neqIg06vZrBX8KHXJW184PVdTocLgcqXds4p/6SNuxr6o3EBjKhqz4qfLZLfSfjET\nUV3XTcTB/1IVGpEhvW3YhJRwbwF3DkER2eEQL7QxpXDTQGbBIhtA4zhizBl36isS\nfTVPVcgqFKIxtLnuNZLIxmNmELncGFRbRtV6xwyDvBN2nwFgvs9tAhMGU2jErVTD\nYfezaE2wLXrLnxcXEBA6e6FHq8X9/mP96XAPVWz+LSNXPWVXAHFGyB73Brn7Cvbf\nxYKfj0IVBt0dwX8MpWKyjTktfiOqcOR6UU/F8Q3wfsTc82Ir1EaIin4U5OOM4HFc\nKSt+CweWv/OGq8TIXzhUY1tWdMWFRnfv20/I6AJQGe1eNdh5/QiUtmfP34vU+vEI\n71Bw8UmiLDg/6jE7bEV+8FT8Do09dtHmi1Q3EAaBOZbkUHWwIl84pTn1x2nhAr0A\n7hITqu16KKoZT7g9AWSSBj0CAwEAAQ==\n-----END PUBLIC KEY-----\n",
            "rsa_bits": 4096
          },
          "sensitive_attributes": [
            [
              {
                "type": "get_attr",
                "value": "private_key_pem_pkcs8"
              }
            ],
            [
              {
                "type": "get_attr",
                "value": "private_key_pem"
              }
            ],
            [
              {
                "type": "get_attr",
                "value": "private_key_openssh"
              }
            ]
          ]
        }
      ]
    },
    {
      "module": "module.ec2_control_plane_instances",
      "mode": "managed",
      "type": "aws_autoscaling_group",
      "name": "this",
      "provider": "provider[\"registry.terraform.io/hashicorp/aws\"]",
      "instances": [
        {
          "schema_version": 1,
          "attributes": {
            "arn": "arn:aws:autoscaling:us-east-1:353203138858:autoScalingGroup:ac4d732b-031e-49cb-abb3-90c2e7ea3b79:autoScalingGroupName/nsse-production-worker-asg",
            "availability_zone_distribution": [
              {
                "capacity_distribution_strategy": "balanced-best-effort"
              }
            ],
            "availability_zones": [
              "us-east-1a",
              "us-east-1b"
            ],
            "capacity_rebalance": false,
            "capacity_reservation_specification": [
              {
                "capacity_reservation_preference": "default",
                "capacity_reservation_target": []
              }
            ],
            "context": "",
            "default_cooldown": 300,
            "default_instance_warmup": 0,
            "desired_capacity": 1,
            "desired_capacity_type": "",
            "enabled_metrics": null,
            "force_delete": false,
            "force_delete_warm_pool": false,
            "health_check_grace_period": 180,
            "health_check_type": "EC2",
            "id": "nsse-production-worker-asg",
            "ignore_failed_scaling_activities": false,
            "initial_lifecycle_hook": [],
            "instance_maintenance_policy": [
              {
                "max_healthy_percentage": 110,
                "min_healthy_percentage": 100
              }
            ],
            "instance_refresh": [],
            "launch_configuration": "",
            "launch_template": [
              {
                "id": "lt-04953172d13ccca2a",
                "name": "nsse-production-debian-control-plane-lt",
                "version": "$Latest"
              }
            ],
            "load_balancers": [],
            "max_instance_lifetime": 0,
            "max_size": 1,
            "metrics_granularity": "1Minute",
            "min_elb_capacity": null,
            "min_size": 1,
            "mixed_instances_policy": [],
            "name": "nsse-production-worker-asg",
            "name_prefix": "",
            "placement_group": "",
            "predicted_capacity": 0,
            "protect_from_scale_in": false,
            "service_linked_role_arn": "arn:aws:iam::353203138858:role/aws-service-role/autoscaling.amazonaws.com/AWSServiceRoleForAutoScaling",
            "suspended_processes": null,
            "tag": [
              {
                "key": "Enviroment",
                "propagate_at_launch": false,
                "value": "var.tags.Enviroment"
              },
              {
                "key": "Project",
                "propagate_at_launch": true,
                "value": "var.tags.Project"
              }
            ],
            "target_group_arns": [],
            "termination_policies": null,
            "timeouts": null,
            "traffic_source": [],
            "vpc_zone_identifier": [
              "subnet-070d802de06b936a8",
              "subnet-0ca50792b6760862e"
            ],
            "wait_for_capacity_timeout": "10m",
            "wait_for_elb_capacity": null,
            "warm_pool": [],
            "warm_pool_size": 0
          },
          "sensitive_attributes": [],
          "private": "eyJlMmJmYjczMC1lY2FhLTExZTYtOGY4OC0zNDM2M2JjN2M0YzAiOnsiZGVsZXRlIjo2MDAwMDAwMDAwMDAsInVwZGF0ZSI6NjAwMDAwMDAwMDAwfSwic2NoZW1hX3ZlcnNpb24iOiIxIn0=",
          "dependencies": [
            "aws_iam_instance_profile.instance_profile",
            "aws_iam_role.instance_role",
            "aws_key_pair.this",
            "aws_security_group.allow_ssh",
            "data.aws_ami.this",
            "data.aws_iam_policy_document.assume_role",
            "data.aws_subnets.private_subnets",
            "data.aws_vpc.this",
            "module.ec2_control_plane_instances.aws_launch_template.this",
            "tls_private_key.this"
          ]
        }
      ]
    },
    {
      "module": "module.ec2_control_plane_instances",
      "mode": "managed",
      "type": "aws_launch_template",
      "name": "this",
      "provider": "provider[\"registry.terraform.io/hashicorp/aws\"]",
      "instances": [
        {
          "schema_version": 0,
          "attributes": {
            "arn": "arn:aws:ec2:us-east-1:353203138858:launch-template/lt-04953172d13ccca2a",
            "block_device_mappings": [
              {
                "device_name": "/dev/sdf",
                "ebs": [
                  {
                    "delete_on_termination": "true",
                    "encrypted": "",
                    "iops": 0,
                    "kms_key_id": "",
                    "snapshot_id": "",
                    "throughput": 0,
                    "volume_initialization_rate": 0,
                    "volume_size": 20,
                    "volume_type": ""
                  }
                ],
                "no_device": "",
                "virtual_name": ""
              }
            ],
            "capacity_reservation_specification": [],
            "cpu_options": [],
            "credit_specification": [],
            "default_version": 1,
            "description": "",
            "disable_api_stop": true,
            "disable_api_termination": true,
            "ebs_optimized": "",
            "elastic_gpu_specifications": [],
            "elastic_inference_accelerator": [],
            "enclave_options": [],
            "hibernation_options": [],
            "iam_instance_profile": [
              {
                "arn": "",
                "name": "var.ec2_resources.instance_profile"
              }
            ],
            "id": "lt-04953172d13ccca2a",
            "image_id": "ami-0eaf470708fc859d6",
            "instance_initiated_shutdown_behavior": "terminate",
            "instance_market_options": [],
            "instance_requirements": [],
            "instance_type": "t3.micro",
            "kernel_id": "",
            "key_name": "nsse-produciton-key-pair",
            "latest_version": 4,
            "license_specification": [],
            "maintenance_options": [],
            "metadata_options": [],
            "monitoring": [],
            "name": "nsse-production-debian-control-plane-lt",
            "name_prefix": "",
            "network_interfaces": [],
            "placement": [],
            "private_dns_name_options": [],
            "ram_disk_id": "",
            "security_group_names": [],
            "tag_specifications": [
              {
                "resource_type": "instance",
                "tags": {
                  "Enviroment": "production",
                  "Project": "nsse"
                }
              }
            ],
            "tags": {},
            "tags_all": {},
            "update_default_version": null,
            "user_data": "",
            "vpc_security_group_ids": [
              "sg-072585f2f3a065139"
            ]
          },
          "sensitive_attributes": [],
          "private": "bnVsbA==",
          "dependencies": [
            "aws_iam_instance_profile.instance_profile",
            "aws_iam_role.instance_role",
            "aws_key_pair.this",
            "aws_security_group.allow_ssh",
            "data.aws_ami.this",
            "data.aws_iam_policy_document.assume_role",
            "data.aws_vpc.this",
            "tls_private_key.this"
          ]
        }
      ]
    },
    {
      "module": "module.ec2_workers_instances",
      "mode": "managed",
      "type": "aws_autoscaling_group",
      "name": "this",
      "provider": "provider[\"registry.terraform.io/hashicorp/aws\"]",
      "instances": [
        {
          "schema_version": 1,
          "attributes": {
            "arn": "arn:aws:autoscaling:us-east-1:353203138858:autoScalingGroup:2f582666-6c1d-47aa-b2c7-f4358307ccbf:autoScalingGroupName/nsse-production-control-plane-asg",
            "availability_zone_distribution": [
              {
                "capacity_distribution_strategy": "balanced-best-effort"
              }
            ],
            "availability_zones": [
              "us-east-1a",
              "us-east-1b"
            ],
            "capacity_rebalance": false,
            "capacity_reservation_specification": [
              {
                "capacity_reservation_preference": "default",
                "capacity_reservation_target": []
              }
            ],
            "context": "",
            "default_cooldown": 300,
            "default_instance_warmup": 0,
            "desired_capacity": 1,
            "desired_capacity_type": "",
            "enabled_metrics": null,
            "force_delete": false,
            "force_delete_warm_pool": false,
            "health_check_grace_period": 180,
            "health_check_type": "EC2",
            "id": "nsse-production-control-plane-asg",
            "ignore_failed_scaling_activities": false,
            "initial_lifecycle_hook": [],
            "instance_maintenance_policy": [
              {
                "max_healthy_percentage": 120,
                "min_healthy_percentage": 100
              }
            ],
            "instance_refresh": [],
            "launch_configuration": "",
            "launch_template": [
              {
                "id": "lt-049486b60640c445f",
                "name": "nsse-production-debian-worker-lt",
                "version": "$Latest"
              }
            ],
            "load_balancers": [],
            "max_instance_lifetime": 0,
            "max_size": 1,
            "metrics_granularity": "1Minute",
            "min_elb_capacity": null,
            "min_size": 1,
            "mixed_instances_policy": [],
            "name": "nsse-production-control-plane-asg",
            "name_prefix": "",
            "placement_group": "",
            "predicted_capacity": 0,
            "protect_from_scale_in": false,
            "service_linked_role_arn": "arn:aws:iam::353203138858:role/aws-service-role/autoscaling.amazonaws.com/AWSServiceRoleForAutoScaling",
            "suspended_processes": null,
            "tag": [
              {
                "key": "Enviroment",
                "propagate_at_launch": false,
                "value": "var.tags.Enviroment"
              },
              {
                "key": "Project",
                "propagate_at_launch": true,
                "value": "var.tags.Project"
              }
            ],
            "target_group_arns": [],
            "termination_policies": null,
            "timeouts": null,
            "traffic_source": [],
            "vpc_zone_identifier": [
              "subnet-070d802de06b936a8",
              "subnet-0ca50792b6760862e"
            ],
            "wait_for_capacity_timeout": "10m",
            "wait_for_elb_capacity": null,
            "warm_pool": [],
            "warm_pool_size": 0
          },
          "sensitive_attributes": [],
          "private": "eyJlMmJmYjczMC1lY2FhLTExZTYtOGY4OC0zNDM2M2JjN2M0YzAiOnsiZGVsZXRlIjo2MDAwMDAwMDAwMDAsInVwZGF0ZSI6NjAwMDAwMDAwMDAwfSwic2NoZW1hX3ZlcnNpb24iOiIxIn0=",
          "dependencies": [
            "aws_iam_instance_profile.instance_profile",
            "aws_iam_role.instance_role",
            "aws_key_pair.this",
            "aws_security_group.allow_ssh",
            "data.aws_ami.this",
            "data.aws_iam_policy_document.assume_role",
            "data.aws_subnets.private_subnets",
            "data.aws_vpc.this",
            "module.ec2_workers_instances.aws_launch_template.this",
            "tls_private_key.this"
          ]
        }
      ]
    },
    {
      "module": "module.ec2_workers_instances",
      "mode": "managed",
      "type": "aws_launch_template",
      "name": "this",
      "provider": "provider[\"registry.terraform.io/hashicorp/aws\"]",
      "instances": [
        {
          "schema_version": 0,
          "attributes": {
            "arn": "arn:aws:ec2:us-east-1:353203138858:launch-template/lt-049486b60640c445f",
            "block_device_mappings": [
              {
                "device_name": "/dev/sdf",
                "ebs": [
                  {
                    "delete_on_termination": "true",
                    "encrypted": "",
                    "iops": 0,
                    "kms_key_id": "",
                    "snapshot_id": "",
                    "throughput": 0,
                    "volume_initialization_rate": 0,
                    "volume_size": 20,
                    "volume_type": ""
                  }
                ],
                "no_device": "",
                "virtual_name": ""
              }
            ],
            "capacity_reservation_specification": [],
            "cpu_options": [],
            "credit_specification": [],
            "default_version": 1,
            "description": "",
            "disable_api_stop": true,
            "disable_api_termination": true,
            "ebs_optimized": "",
            "elastic_gpu_specifications": [],
            "elastic_inference_accelerator": [],
            "enclave_options": [],
            "hibernation_options": [],
            "iam_instance_profile": [
              {
                "arn": "",
                "name": "var.ec2_resources.instance_profile"
              }
            ],
            "id": "lt-049486b60640c445f",
            "image_id": "ami-0eaf470708fc859d6",
            "instance_initiated_shutdown_behavior": "terminate",
            "instance_market_options": [],
            "instance_requirements": [],
            "instance_type": "t3.micro",
            "kernel_id": "",
            "key_name": "nsse-produciton-key-pair",
            "latest_version": 4,
            "license_specification": [],
            "maintenance_options": [],
            "metadata_options": [],
            "monitoring": [],
            "name": "nsse-production-debian-worker-lt",
            "name_prefix": "",
            "network_interfaces": [],
            "placement": [],
            "private_dns_name_options": [],
            "ram_disk_id": "",
            "security_group_names": [],
            "tag_specifications": [
              {
                "resource_type": "instance",
                "tags": {
                  "Enviroment": "production",
                  "Project": "nsse"
                }
              }
            ],
            "tags": {},
            "tags_all": {},
            "update_default_version": null,
            "user_data": "",
            "vpc_security_group_ids": [
              "sg-072585f2f3a065139"
            ]
          },
          "sensitive_attributes": [],
          "private": "bnVsbA==",
          "dependencies": [
            "aws_iam_instance_profile.instance_profile",
            "aws_iam_role.instance_role",
            "aws_key_pair.this",
            "aws_security_group.allow_ssh",
            "data.aws_ami.this",
            "data.aws_iam_policy_document.assume_role",
            "data.aws_vpc.this",
            "tls_private_key.this"
          ]
        }
      ]
    }
  ],
  "check_results": null
}
